
Microsoft Visual Studio Solution File, Format Version 12.00
# Visual Studio Version 17
VisualStudioVersion = 17.0.31903.59
MinimumVisualStudioVersion = 10.0.40219.1
Project("{FAE04EC0-301F-11D3-BF4B-00C04F79EFBC}") = "CopperOS.Shell", "src\System\Shell\CopperOS.Shell.csproj", "{1B9E52A2-42D2-4E9D-8B0D-22D4C8D59E03}"
EndProject
Project("{FAE04EC0-301F-11D3-BF4B-00C04F79EFBC}") = "CopperOS.Shell.Dos", "src\System\Shell\CopperOS.Shell.Dos.csproj", "{7F126C4B-B910-4D9B-9B8A-73E9FA0DCE22}"
EndProject
Project("{FAE04EC0-301F-11D3-BF4B-00C04F79EFBC}") = "CopperOS.Commands", "src\Commands\CopperOS.Commands.csproj", "{A5E4C9B7-2F6D-4E4B-9C18-7F6E4C2D8B31}"
EndProject
Project("{FAE04EC0-301F-11D3-BF4B-00C04F79EFBC}") = "CopperOS.Commands.Tests", "tests\Commands\CopperOS.Commands.Tests.csproj", "{B6B3A0A9-4E70-4B34-9FD8-9B2A5D7F7E8B}"
EndProject
Project("{2150E333-8FDC-42A3-9474-1A3956D46DE8}") = "src", "src", "{827E0CD3-B72D-47B6-A68D-7590B98EB39B}"
EndProject
Project("{2150E333-8FDC-42A3-9474-1A3956D46DE8}") = "Libraries", "Libraries", "{5E7EC0AF-E837-5B7A-FB41-A4DCCA877D1F}"
EndProject
Project("{2150E333-8FDC-42A3-9474-1A3956D46DE8}") = "muimaster.library", "muimaster.library", "{17E8A70B-5CF0-2F4A-14D7-817EC548CE90}"
EndProject
Project("{FAE04EC0-301F-11D3-BF4B-00C04F79EFBC}") = "CopperOS.MuiMaster", "src\Libraries\muimaster.library\CopperOS.MuiMaster.csproj", "{D06A8347-BA52-4CB5-9040-1813B45AE17A}"
EndProject
Project("{2150E333-8FDC-42A3-9474-1A3956D46DE8}") = "tests", "tests", "{0AB3BF05-4346-4AA6-1389-037BE0695223}"
EndProject
Project("{2150E333-8FDC-42A3-9474-1A3956D46DE8}") = "MuiMaster", "MuiMaster", "{073DC6EC-5705-0982-B341-CC7985056E7A}"
EndProject
Project("{FAE04EC0-301F-11D3-BF4B-00C04F79EFBC}") = "CopperOS.MuiMaster.Tests", "tests\MuiMaster\CopperOS.MuiMaster.Tests.csproj", "{F63133B8-0516-4CCB-94B2-56BF31BB3170}"
EndProject
Project("{2150E333-8FDC-42A3-9474-1A3956D46DE8}") = "MuiMaster.NativeRoot", "MuiMaster.NativeRoot", "{1B6F1142-A8DF-74E8-74B6-91AC1D1A934F}"
EndProject
Project("{FAE04EC0-301F-11D3-BF4B-00C04F79EFBC}") = "CopperOS.MuiMaster.NativeRoot", "tests\MuiMaster.NativeRoot\CopperOS.MuiMaster.NativeRoot.csproj", "{08C55635-8206-4DC2-B377-A3EE5B39CEBE}"
EndProject
Project("{FAE04EC0-301F-11D3-BF4B-00C04F79EFBC}") = "CopperOS.Shell.Dos.NativeRoot", "tests\Shell.Dos.NativeRoot\CopperOS.Shell.Dos.NativeRoot.csproj", "{C4E08A2D-7E2B-4EE1-8AAE-5F9E8F0F2D63}"
EndProject
Project("{2150E333-8FDC-42A3-9474-1A3956D46DE8}") = "Commands", "Commands", "{50C0B65E-5734-6D84-4B56-C247D2A1D164}"
EndProject
Project("{FAE04EC0-301F-11D3-BF4B-00C04F79EFBC}") = "CopperOS.Commands.Native", "src\Commands\Native\CopperOS.Commands.Native.csproj", "{0C7ED4D4-5567-4BF3-8CE8-37B64B5F184C}"
EndProject
Project("{FAE04EC0-301F-11D3-BF4B-00C04F79EFBC}") = "CopperOS.Commands.NativeRoot", "tests\Commands.NativeRoot\CopperOS.Commands.NativeRoot.csproj", "{21F5AF26-A862-4F3D-8AE4-4666790BF314}"
EndProject
Project("{FAE04EC0-301F-11D3-BF4B-00C04F79EFBC}") = "CopperOS.Commands.NativeExecution", "tests\Commands.NativeExecution\CopperOS.Commands.NativeExecution.csproj", "{54F0E2D7-3242-42CD-BDD7-62ADD134D5CA}"
EndProject
Project("{FAE04EC0-301F-11D3-BF4B-00C04F79EFBC}") = "CopperOS.Commands.EvalNativeRoot", "tests\Commands.EvalNativeRoot\CopperOS.Commands.EvalNativeRoot.csproj", "{839A2638-235D-4F17-87B2-F282EAE76008}"
EndProject
Project("{FAE04EC0-301F-11D3-BF4B-00C04F79EFBC}") = "CopperOS.Commands.EvalNativeExecution", "tests\Commands.EvalNativeExecution\CopperOS.Commands.EvalNativeExecution.csproj", "{E65CF95A-A3A4-4891-8905-7F9E682483B7}"
EndProject
Project("{FAE04EC0-301F-11D3-BF4B-00C04F79EFBC}") = "CopperOS.Commands.MakeDirNativeExecution", "tests\Commands.MakeDirNativeExecution\CopperOS.Commands.MakeDirNativeExecution.csproj", "{B9FD3BCB-93BC-4038-8CE3-91E22001F40B}"
EndProject
Project("{FAE04EC0-301F-11D3-BF4B-00C04F79EFBC}") = "CopperOS.Commands.AddBuffers", "src\Commands\AddBuffers\CopperOS.Commands.AddBuffers.csproj", "{FFD45F7E-E987-41BB-8AE8-E58A1DE71611}"
EndProject
Project("{FAE04EC0-301F-11D3-BF4B-00C04F79EFBC}") = "CopperOS.Commands.Common", "src\Commands\Common\CopperOS.Commands.Common.csproj", "{44CFB0CA-46FA-4A38-B7E4-F0A63BD01110}"
EndProject
Project("{FAE04EC0-301F-11D3-BF4B-00C04F79EFBC}") = "CopperOS.Commands.AddDataTypes", "src\Commands\AddDataTypes\CopperOS.Commands.AddDataTypes.csproj", "{D61FA644-295D-41CA-A658-CC2DA35AD730}"
EndProject
Project("{FAE04EC0-301F-11D3-BF4B-00C04F79EFBC}") = "CopperOS.Commands.Assign", "src\Commands\Assign\CopperOS.Commands.Assign.csproj", "{A98495CF-1FF9-4A58-BE0B-3F1949F3E4FD}"
EndProject
Project("{FAE04EC0-301F-11D3-BF4B-00C04F79EFBC}") = "CopperOS.Commands.Avail", "src\Commands\Avail\CopperOS.Commands.Avail.csproj", "{D7F7B535-8575-4DCD-9EB0-FAE997B395F7}"
EndProject
Project("{FAE04EC0-301F-11D3-BF4B-00C04F79EFBC}") = "CopperOS.Commands.Beep", "src\Commands\Beep\CopperOS.Commands.Beep.csproj", "{B91896B8-80B6-4F7F-8E68-95EC2BEA44C7}"
EndProject
Project("{FAE04EC0-301F-11D3-BF4B-00C04F79EFBC}") = "CopperOS.Commands.BindDrivers", "src\Commands\BindDrivers\CopperOS.Commands.BindDrivers.csproj", "{23BEA1C1-4D0D-4A73-9EF1-4E8248F30E08}"
EndProject
Project("{FAE04EC0-301F-11D3-BF4B-00C04F79EFBC}") = "CopperOS.Commands.Break", "src\Commands\Break\CopperOS.Commands.Break.csproj", "{0DEAA6BA-A739-4C36-A7CD-6A56A151C71E}"
EndProject
Project("{FAE04EC0-301F-11D3-BF4B-00C04F79EFBC}") = "CopperOS.Commands.ChangeTaskPri", "src\Commands\ChangeTaskPri\CopperOS.Commands.ChangeTaskPri.csproj", "{EC8EF18D-B31C-4474-B033-2A8712CF72EA}"
EndProject
Project("{FAE04EC0-301F-11D3-BF4B-00C04F79EFBC}") = "CopperOS.Commands.Check2090", "src\Commands\Check2090\CopperOS.Commands.Check2090.csproj", "{1BD3158A-7028-4802-B470-8842757336EC}"
EndProject
Project("{FAE04EC0-301F-11D3-BF4B-00C04F79EFBC}") = "CopperOS.Commands.ConClip", "src\Commands\ConClip\CopperOS.Commands.ConClip.csproj", "{4097A1A3-13DB-4FF7-8B05-0DE826479B2A}"
EndProject
Project("{FAE04EC0-301F-11D3-BF4B-00C04F79EFBC}") = "CopperOS.Commands.Copy", "src\Commands\Copy\CopperOS.Commands.Copy.csproj", "{7E96893E-BE3A-49E5-A755-D908BA9B2581}"
EndProject
Project("{FAE04EC0-301F-11D3-BF4B-00C04F79EFBC}") = "CopperOS.Commands.Date", "src\Commands\Date\CopperOS.Commands.Date.csproj", "{D3ECC6EF-5679-47FE-8322-2C5E6BF2CDD4}"
EndProject
Project("{FAE04EC0-301F-11D3-BF4B-00C04F79EFBC}") = "CopperOS.Commands.Delete", "src\Commands\Delete\CopperOS.Commands.Delete.csproj", "{2260925D-E6E6-4EA8-989B-AB9C28C43D4E}"
EndProject
Project("{FAE04EC0-301F-11D3-BF4B-00C04F79EFBC}") = "CopperOS.Commands.DevList", "src\Commands\DevList\CopperOS.Commands.DevList.csproj", "{8AE58198-94E7-483C-AA3E-1C2300CBDFC5}"
EndProject
Project("{FAE04EC0-301F-11D3-BF4B-00C04F79EFBC}") = "CopperOS.Commands.Dir", "src\Commands\Dir\CopperOS.Commands.Dir.csproj", "{3145E20C-8A6F-4A3C-9FFE-F35E40BD96CC}"
EndProject
Project("{FAE04EC0-301F-11D3-BF4B-00C04F79EFBC}") = "CopperOS.Commands.Search", "src\Commands\Search\CopperOS.Commands.Search.csproj", "{0CC60428-E33F-40E8-8600-9514AE2DDEFF}"
EndProject
Project("{FAE04EC0-301F-11D3-BF4B-00C04F79EFBC}") = "CopperOS.Commands.DiskChange", "src\Commands\DiskChange\CopperOS.Commands.DiskChange.csproj", "{A9905806-C3AA-4D31-AADA-4A543D370AF5}"
EndProject
Project("{FAE04EC0-301F-11D3-BF4B-00C04F79EFBC}") = "CopperOS.Commands.DiskFree", "src\Commands\DiskFree\CopperOS.Commands.DiskFree.csproj", "{A60ABC26-036D-4A1D-A4E7-B4370E70FC3A}"
EndProject
Project("{FAE04EC0-301F-11D3-BF4B-00C04F79EFBC}") = "CopperOS.Commands.DosList", "src\Commands\DosList\CopperOS.Commands.DosList.csproj", "{A05B37E2-CE40-4A38-83A4-8B57542F5E59}"
EndProject
Project("{FAE04EC0-301F-11D3-BF4B-00C04F79EFBC}") = "CopperOS.Commands.Eval", "src\Commands\Eval\CopperOS.Commands.Eval.csproj", "{44E55A86-2A6F-47FE-A00C-8F2121C2D598}"
EndProject
Project("{FAE04EC0-301F-11D3-BF4B-00C04F79EFBC}") = "CopperOS.Commands.Exe2Arc", "src\Commands\Exe2Arc\CopperOS.Commands.Exe2Arc.csproj", "{B904A286-4C66-4C96-BDC7-FABAF30982AD}"
EndProject
Project("{FAE04EC0-301F-11D3-BF4B-00C04F79EFBC}") = "CopperOS.Commands.ExtractKickstart", "src\Commands\ExtractKickstart\CopperOS.Commands.ExtractKickstart.csproj", "{77221EC0-AC5C-46E1-A314-2D06B89E5FA8}"
EndProject
Project("{FAE04EC0-301F-11D3-BF4B-00C04F79EFBC}") = "CopperOS.Commands.FileNote", "src\Commands\FileNote\CopperOS.Commands.FileNote.csproj", "{324902CD-5306-4C3F-8256-E26AD2FDC3D9}"
EndProject
Project("{FAE04EC0-301F-11D3-BF4B-00C04F79EFBC}") = "CopperOS.Commands.FindResident", "src\Commands\FindResident\CopperOS.Commands.FindResident.csproj", "{FEBDFBE7-E8EF-46DF-9089-6C92F5EFF381}"
EndProject
Project("{FAE04EC0-301F-11D3-BF4B-00C04F79EFBC}") = "CopperOS.Commands.Format", "src\Commands\Format\CopperOS.Commands.Format.csproj", "{D42AE15E-3E60-4E34-9EF9-CF8E1FCC9AA2}"
EndProject
Project("{FAE04EC0-301F-11D3-BF4B-00C04F79EFBC}") = "CopperOS.Commands.GuessBootDev", "src\Commands\GuessBootDev\CopperOS.Commands.GuessBootDev.csproj", "{5B0C7733-F6E2-4A22-9B1B-B03D89A9D2D9}"
EndProject
Project("{FAE04EC0-301F-11D3-BF4B-00C04F79EFBC}") = "CopperOS.Commands.IconPos", "src\Commands\IconPos\CopperOS.Commands.IconPos.csproj", "{3842944C-994A-41DE-9672-7B9C7F871092}"
EndProject
Project("{FAE04EC0-301F-11D3-BF4B-00C04F79EFBC}") = "CopperOS.Commands.Info", "src\Commands\Info\CopperOS.Commands.Info.csproj", "{731D28C5-38D4-44BD-A207-1B90081B7C27}"
EndProject
Project("{FAE04EC0-301F-11D3-BF4B-00C04F79EFBC}") = "CopperOS.Commands.Join", "src\Commands\Join\CopperOS.Commands.Join.csproj", "{7D0D1928-FE4C-4002-B182-26CBA7EABBCC}"
EndProject
Project("{FAE04EC0-301F-11D3-BF4B-00C04F79EFBC}") = "CopperOS.Commands.LibList", "src\Commands\LibList\CopperOS.Commands.LibList.csproj", "{1E3CFE57-50B7-48A4-8929-993B7C6A6350}"
EndProject
Project("{FAE04EC0-301F-11D3-BF4B-00C04F79EFBC}") = "CopperOS.Commands.List", "src\Commands\List\CopperOS.Commands.List.csproj", "{80B83060-04D6-4746-92D0-F33E90DCBCE3}"
EndProject
Project("{FAE04EC0-301F-11D3-BF4B-00C04F79EFBC}") = "CopperOS.Commands.LoadMonDrvs", "src\Commands\LoadMonDrvs\CopperOS.Commands.LoadMonDrvs.csproj", "{DFF81995-591D-4317-9D03-D0CE9FDCCF66}"
EndProject
Project("{FAE04EC0-301F-11D3-BF4B-00C04F79EFBC}") = "CopperOS.Commands.LoadResource", "src\Commands\LoadResource\CopperOS.Commands.LoadResource.csproj", "{98ABCA14-41BA-48A4-AC83-121E242C0534}"
EndProject
Project("{FAE04EC0-301F-11D3-BF4B-00C04F79EFBC}") = "CopperOS.Commands.Lock", "src\Commands\Lock\CopperOS.Commands.Lock.csproj", "{608DC231-AA8C-4EBF-931C-53D28436B227}"
EndProject
Project("{FAE04EC0-301F-11D3-BF4B-00C04F79EFBC}") = "CopperOS.Commands.MakeDir", "src\Commands\MakeDir\CopperOS.Commands.MakeDir.csproj", "{07A95999-F82F-4ED4-A4E2-626206E3A32D}"
EndProject
Project("{FAE04EC0-301F-11D3-BF4B-00C04F79EFBC}") = "CopperOS.Commands.MakeLink", "src\Commands\MakeLink\CopperOS.Commands.MakeLink.csproj", "{6609998E-7846-4E59-A3A2-27ABF5953199}"
EndProject
Project("{FAE04EC0-301F-11D3-BF4B-00C04F79EFBC}") = "CopperOS.Commands.ModList", "src\Commands\ModList\CopperOS.Commands.ModList.csproj", "{229749DD-BC6E-4E34-9D8C-7B323DE762C5}"
EndProject
Project("{FAE04EC0-301F-11D3-BF4B-00C04F79EFBC}") = "CopperOS.Commands.Mount", "src\Commands\Mount\CopperOS.Commands.Mount.csproj", "{8CB8B9F8-2FA3-494B-BB69-341DA9930B26}"
EndProject
Project("{FAE04EC0-301F-11D3-BF4B-00C04F79EFBC}") = "CopperOS.Commands.PathPart", "src\Commands\PathPart\CopperOS.Commands.PathPart.csproj", "{787CDF2E-2B2E-449F-9616-498E83471F9B}"
EndProject
Project("{FAE04EC0-301F-11D3-BF4B-00C04F79EFBC}") = "CopperOS.Commands.PortList", "src\Commands\PortList\CopperOS.Commands.PortList.csproj", "{A8D9E8DC-0ED2-4B3B-BDA1-DCB6C451CE63}"
EndProject
Project("{FAE04EC0-301F-11D3-BF4B-00C04F79EFBC}") = "CopperOS.Commands.Protect", "src\Commands\Protect\CopperOS.Commands.Protect.csproj", "{AF7E086F-4BAA-4B2C-B217-31667FB3FBEB}"
EndProject
Project("{FAE04EC0-301F-11D3-BF4B-00C04F79EFBC}") = "CopperOS.Commands.Quote", "src\Commands\Quote\CopperOS.Commands.Quote.csproj", "{12ACF7FD-ADB0-46E6-8C85-A475437D4329}"
EndProject
Project("{FAE04EC0-301F-11D3-BF4B-00C04F79EFBC}") = "CopperOS.Commands.Reboot", "src\Commands\Reboot\CopperOS.Commands.Reboot.csproj", "{14F44A7C-D26F-45AF-A411-D9F8AD688195}"
EndProject
Project("{FAE04EC0-301F-11D3-BF4B-00C04F79EFBC}") = "CopperOS.Commands.Relabel", "src\Commands\Relabel\CopperOS.Commands.Relabel.csproj", "{79479CFA-4532-4E42-8415-948FDE8E2F1C}"
EndProject
Project("{FAE04EC0-301F-11D3-BF4B-00C04F79EFBC}") = "CopperOS.Commands.Rename", "src\Commands\Rename\CopperOS.Commands.Rename.csproj", "{B5FC13F1-DF1C-4FF2-B3FE-22B556857D99}"
EndProject
Project("{FAE04EC0-301F-11D3-BF4B-00C04F79EFBC}") = "CopperOS.Commands.RequestChoice", "src\Commands\RequestChoice\CopperOS.Commands.RequestChoice.csproj", "{D04B495A-642F-49BE-9091-AC91064F0903}"
EndProject
Project("{FAE04EC0-301F-11D3-BF4B-00C04F79EFBC}") = "CopperOS.Commands.RequestFile", "src\Commands\RequestFile\CopperOS.Commands.RequestFile.csproj", "{E940907A-47E6-40FF-AA7B-540E529A487F}"
EndProject
Project("{FAE04EC0-301F-11D3-BF4B-00C04F79EFBC}") = "CopperOS.Commands.ResList", "src\Commands\ResList\CopperOS.Commands.ResList.csproj", "{FA144508-099A-4614-A6AB-DD70563E2540}"
EndProject
Project("{FAE04EC0-301F-11D3-BF4B-00C04F79EFBC}") = "CopperOS.Commands.SetClock", "src\Commands\SetClock\CopperOS.Commands.SetClock.csproj", "{EE267DC9-F9A7-4466-9F28-221597EC79CE}"
EndProject
Project("{FAE04EC0-301F-11D3-BF4B-00C04F79EFBC}") = "CopperOS.Commands.SetDate", "src\Commands\SetDate\CopperOS.Commands.SetDate.csproj", "{6F3710B3-2CFD-4DE5-85ED-B42A2E9132D6}"
EndProject
Project("{FAE04EC0-301F-11D3-BF4B-00C04F79EFBC}") = "CopperOS.Commands.SetFont", "src\Commands\SetFont\CopperOS.Commands.SetFont.csproj", "{0CFD09FA-3124-4866-BEB3-EF1E4F26C021}"
EndProject
Project("{FAE04EC0-301F-11D3-BF4B-00C04F79EFBC}") = "CopperOS.Commands.SetKeyboard", "src\Commands\SetKeyboard\CopperOS.Commands.SetKeyboard.csproj", "{F6C03868-217F-42C4-9E0E-5C70E6671A5D}"
EndProject
Project("{FAE04EC0-301F-11D3-BF4B-00C04F79EFBC}") = "CopperOS.Commands.Status", "src\Commands\Status\CopperOS.Commands.Status.csproj", "{A7139365-71C2-4CE1-BBC0-B832B919B508}"
EndProject
Project("{FAE04EC0-301F-11D3-BF4B-00C04F79EFBC}") = "CopperOS.Commands.TaskList", "src\Commands\TaskList\CopperOS.Commands.TaskList.csproj", "{590ABA27-3A68-436D-87CD-00D849DD9264}"
EndProject
Project("{FAE04EC0-301F-11D3-BF4B-00C04F79EFBC}") = "CopperOS.Commands.Touch", "src\Commands\Touch\CopperOS.Commands.Touch.csproj", "{A02990A6-CC3B-4E50-BF4E-2500DA1E2E7F}"
EndProject
Project("{FAE04EC0-301F-11D3-BF4B-00C04F79EFBC}") = "CopperOS.Commands.Type", "src\Commands\Type\CopperOS.Commands.Type.csproj", "{62ADBC4B-E406-471F-A908-9D608DEC4DC5}"
EndProject
Project("{FAE04EC0-301F-11D3-BF4B-00C04F79EFBC}") = "CopperOS.Commands.Version", "src\Commands\Version\CopperOS.Commands.Version.csproj", "{512D0475-E913-48D6-8788-E8525B737E9E}"
EndProject
Project("{FAE04EC0-301F-11D3-BF4B-00C04F79EFBC}") = "CopperOS.Commands.Wait", "src\Commands\Wait\CopperOS.Commands.Wait.csproj", "{CE770D10-54A1-43B1-8660-06FAFC478DAA}"
EndProject
Project("{FAE04EC0-301F-11D3-BF4B-00C04F79EFBC}") = "CopperOS.Commands.WaitForLib", "src\Commands\WaitForLib\CopperOS.Commands.WaitForLib.csproj", "{9089E764-EC21-4E0B-8DBF-13474F471BDD}"
EndProject
Project("{FAE04EC0-301F-11D3-BF4B-00C04F79EFBC}") = "CopperOS.Commands.WaitForNotification", "src\Commands\WaitForNotification\CopperOS.Commands.WaitForNotification.csproj", "{AD25C3FE-56AC-4E37-933A-4D23BB888BDA}"
EndProject
Project("{FAE04EC0-301F-11D3-BF4B-00C04F79EFBC}") = "CopperOS.Commands.WaitForPort", "src\Commands\WaitForPort\CopperOS.Commands.WaitForPort.csproj", "{CE56CC36-91F9-43BB-91AD-6FDE7BD736EE}"
EndProject
Project("{FAE04EC0-301F-11D3-BF4B-00C04F79EFBC}") = "CopperOS.Commands.Which", "src\Commands\Which\CopperOS.Commands.Which.csproj", "{B157652C-2A12-4A06-9743-BFDE5F72A4BD}"
Project("{FAE04EC0-301F-11D3-BF4B-00C04F79EFBC}") = "CopperOS.MuiMaster.ExecIntegration", "tests\MuiMaster.ExecIntegration\CopperOS.MuiMaster.ExecIntegration.csproj", "{C872CB31-2A94-4E0C-89B5-68D18628B423}"
EndProject
Project("{2150E333-8FDC-42A3-9474-1A3956D46DE8}") = "tools", "tools", "{EC0A891F-845C-4D35-9E1B-448E7135CFB6}"
EndProject
Project("{FAE04EC0-301F-11D3-BF4B-00C04F79EFBC}") = "CopperOS.MuiMaster.LibraryBuilder", "tools\MuiMaster.LibraryBuilder\CopperOS.MuiMaster.LibraryBuilder.csproj", "{89C580C3-3560-4DDA-BEA6-C0B5773CA596}"
EndProject
Project("{FAE04EC0-301F-11D3-BF4B-00C04F79EFBC}") = "CopperOS.MuiMaster.LibraryBuilder.Tests", "tools\MuiMaster.LibraryBuilder\tests\CopperOS.MuiMaster.LibraryBuilder.Tests.csproj", "{71D38039-E5B1-4EC4-A3D4-4F31EF17CB17}"
EndProject
Global
	GlobalSection(SolutionConfigurationPlatforms) = preSolution
		Debug|Any CPU = Debug|Any CPU
		Debug|x64 = Debug|x64
		Debug|x86 = Debug|x86
		Release|Any CPU = Release|Any CPU
		Release|x64 = Release|x64
		Release|x86 = Release|x86
	EndGlobalSection
	GlobalSection(ProjectConfigurationPlatforms) = postSolution
		{1B9E52A2-42D2-4E9D-8B0D-22D4C8D59E03}.Debug|Any CPU.ActiveCfg = Debug|Any CPU
		{1B9E52A2-42D2-4E9D-8B0D-22D4C8D59E03}.Debug|Any CPU.Build.0 = Debug|Any CPU
		{1B9E52A2-42D2-4E9D-8B0D-22D4C8D59E03}.Debug|x64.ActiveCfg = Debug|Any CPU
		{1B9E52A2-42D2-4E9D-8B0D-22D4C8D59E03}.Debug|x64.Build.0 = Debug|Any CPU
		{1B9E52A2-42D2-4E9D-8B0D-22D4C8D59E03}.Debug|x86.ActiveCfg = Debug|Any CPU
		{1B9E52A2-42D2-4E9D-8B0D-22D4C8D59E03}.Debug|x86.Build.0 = Debug|Any CPU
		{1B9E52A2-42D2-4E9D-8B0D-22D4C8D59E03}.Release|Any CPU.ActiveCfg = Release|Any CPU
		{1B9E52A2-42D2-4E9D-8B0D-22D4C8D59E03}.Release|Any CPU.Build.0 = Release|Any CPU
		{1B9E52A2-42D2-4E9D-8B0D-22D4C8D59E03}.Release|x64.ActiveCfg = Release|Any CPU
		{1B9E52A2-42D2-4E9D-8B0D-22D4C8D59E03}.Release|x64.Build.0 = Release|Any CPU
		{1B9E52A2-42D2-4E9D-8B0D-22D4C8D59E03}.Release|x86.ActiveCfg = Release|Any CPU
		{1B9E52A2-42D2-4E9D-8B0D-22D4C8D59E03}.Release|x86.Build.0 = Release|Any CPU
		{7F126C4B-B910-4D9B-9B8A-73E9FA0DCE22}.Debug|Any CPU.ActiveCfg = Debug|Any CPU
		{7F126C4B-B910-4D9B-9B8A-73E9FA0DCE22}.Debug|Any CPU.Build.0 = Debug|Any CPU
		{7F126C4B-B910-4D9B-9B8A-73E9FA0DCE22}.Debug|x64.ActiveCfg = Debug|Any CPU
		{7F126C4B-B910-4D9B-9B8A-73E9FA0DCE22}.Debug|x64.Build.0 = Debug|Any CPU
		{7F126C4B-B910-4D9B-9B8A-73E9FA0DCE22}.Debug|x86.ActiveCfg = Debug|Any CPU
		{7F126C4B-B910-4D9B-9B8A-73E9FA0DCE22}.Debug|x86.Build.0 = Debug|Any CPU
		{7F126C4B-B910-4D9B-9B8A-73E9FA0DCE22}.Release|Any CPU.ActiveCfg = Release|Any CPU
		{7F126C4B-B910-4D9B-9B8A-73E9FA0DCE22}.Release|Any CPU.Build.0 = Release|Any CPU
		{7F126C4B-B910-4D9B-9B8A-73E9FA0DCE22}.Release|x64.ActiveCfg = Release|Any CPU
		{7F126C4B-B910-4D9B-9B8A-73E9FA0DCE22}.Release|x64.Build.0 = Release|Any CPU
		{7F126C4B-B910-4D9B-9B8A-73E9FA0DCE22}.Release|x86.ActiveCfg = Release|Any CPU
		{7F126C4B-B910-4D9B-9B8A-73E9FA0DCE22}.Release|x86.Build.0 = Release|Any CPU
		{A5E4C9B7-2F6D-4E4B-9C18-7F6E4C2D8B31}.Debug|Any CPU.ActiveCfg = Debug|Any CPU
		{A5E4C9B7-2F6D-4E4B-9C18-7F6E4C2D8B31}.Debug|Any CPU.Build.0 = Debug|Any CPU
		{A5E4C9B7-2F6D-4E4B-9C18-7F6E4C2D8B31}.Debug|x64.ActiveCfg = Debug|Any CPU
		{A5E4C9B7-2F6D-4E4B-9C18-7F6E4C2D8B31}.Debug|x64.Build.0 = Debug|Any CPU
		{A5E4C9B7-2F6D-4E4B-9C18-7F6E4C2D8B31}.Debug|x86.ActiveCfg = Debug|Any CPU
		{A5E4C9B7-2F6D-4E4B-9C18-7F6E4C2D8B31}.Debug|x86.Build.0 = Debug|Any CPU
		{A5E4C9B7-2F6D-4E4B-9C18-7F6E4C2D8B31}.Release|Any CPU.ActiveCfg = Release|Any CPU
		{A5E4C9B7-2F6D-4E4B-9C18-7F6E4C2D8B31}.Release|Any CPU.Build.0 = Release|Any CPU
		{A5E4C9B7-2F6D-4E4B-9C18-7F6E4C2D8B31}.Release|x64.ActiveCfg = Release|Any CPU
		{A5E4C9B7-2F6D-4E4B-9C18-7F6E4C2D8B31}.Release|x64.Build.0 = Release|Any CPU
		{A5E4C9B7-2F6D-4E4B-9C18-7F6E4C2D8B31}.Release|x86.ActiveCfg = Release|Any CPU
		{A5E4C9B7-2F6D-4E4B-9C18-7F6E4C2D8B31}.Release|x86.Build.0 = Release|Any CPU
		{B6B3A0A9-4E70-4B34-9FD8-9B2A5D7F7E8B}.Debug|Any CPU.ActiveCfg = Debug|Any CPU
		{B6B3A0A9-4E70-4B34-9FD8-9B2A5D7F7E8B}.Debug|Any CPU.Build.0 = Debug|Any CPU
		{B6B3A0A9-4E70-4B34-9FD8-9B2A5D7F7E8B}.Debug|x64.ActiveCfg = Debug|Any CPU
		{B6B3A0A9-4E70-4B34-9FD8-9B2A5D7F7E8B}.Debug|x64.Build.0 = Debug|Any CPU
		{B6B3A0A9-4E70-4B34-9FD8-9B2A5D7F7E8B}.Debug|x86.ActiveCfg = Debug|Any CPU
		{B6B3A0A9-4E70-4B34-9FD8-9B2A5D7F7E8B}.Debug|x86.Build.0 = Debug|Any CPU
		{B6B3A0A9-4E70-4B34-9FD8-9B2A5D7F7E8B}.Release|Any CPU.ActiveCfg = Release|Any CPU
		{B6B3A0A9-4E70-4B34-9FD8-9B2A5D7F7E8B}.Release|Any CPU.Build.0 = Release|Any CPU
		{B6B3A0A9-4E70-4B34-9FD8-9B2A5D7F7E8B}.Release|x64.ActiveCfg = Release|Any CPU
		{B6B3A0A9-4E70-4B34-9FD8-9B2A5D7F7E8B}.Release|x64.Build.0 = Release|Any CPU
		{B6B3A0A9-4E70-4B34-9FD8-9B2A5D7F7E8B}.Release|x86.ActiveCfg = Release|Any CPU
		{B6B3A0A9-4E70-4B34-9FD8-9B2A5D7F7E8B}.Release|x86.Build.0 = Release|Any CPU
		{D06A8347-BA52-4CB5-9040-1813B45AE17A}.Debug|Any CPU.ActiveCfg = Debug|Any CPU
		{D06A8347-BA52-4CB5-9040-1813B45AE17A}.Debug|Any CPU.Build.0 = Debug|Any CPU
		{D06A8347-BA52-4CB5-9040-1813B45AE17A}.Debug|x64.ActiveCfg = Debug|Any CPU
		{D06A8347-BA52-4CB5-9040-1813B45AE17A}.Debug|x64.Build.0 = Debug|Any CPU
		{D06A8347-BA52-4CB5-9040-1813B45AE17A}.Debug|x86.ActiveCfg = Debug|Any CPU
		{D06A8347-BA52-4CB5-9040-1813B45AE17A}.Debug|x86.Build.0 = Debug|Any CPU
		{D06A8347-BA52-4CB5-9040-1813B45AE17A}.Release|Any CPU.ActiveCfg = Release|Any CPU
		{D06A8347-BA52-4CB5-9040-1813B45AE17A}.Release|Any CPU.Build.0 = Release|Any CPU
		{D06A8347-BA52-4CB5-9040-1813B45AE17A}.Release|x64.ActiveCfg = Release|Any CPU
		{D06A8347-BA52-4CB5-9040-1813B45AE17A}.Release|x64.Build.0 = Release|Any CPU
		{D06A8347-BA52-4CB5-9040-1813B45AE17A}.Release|x86.ActiveCfg = Release|Any CPU
		{D06A8347-BA52-4CB5-9040-1813B45AE17A}.Release|x86.Build.0 = Release|Any CPU
		{F63133B8-0516-4CCB-94B2-56BF31BB3170}.Debug|Any CPU.ActiveCfg = Debug|Any CPU
		{F63133B8-0516-4CCB-94B2-56BF31BB3170}.Debug|Any CPU.Build.0 = Debug|Any CPU
		{F63133B8-0516-4CCB-94B2-56BF31BB3170}.Debug|x64.ActiveCfg = Debug|Any CPU
		{F63133B8-0516-4CCB-94B2-56BF31BB3170}.Debug|x64.Build.0 = Debug|Any CPU
		{F63133B8-0516-4CCB-94B2-56BF31BB3170}.Debug|x86.ActiveCfg = Debug|Any CPU
		{F63133B8-0516-4CCB-94B2-56BF31BB3170}.Debug|x86.Build.0 = Debug|Any CPU
		{F63133B8-0516-4CCB-94B2-56BF31BB3170}.Release|Any CPU.ActiveCfg = Release|Any CPU
		{F63133B8-0516-4CCB-94B2-56BF31BB3170}.Release|Any CPU.Build.0 = Release|Any CPU
		{F63133B8-0516-4CCB-94B2-56BF31BB3170}.Release|x64.ActiveCfg = Release|Any CPU
		{F63133B8-0516-4CCB-94B2-56BF31BB3170}.Release|x64.Build.0 = Release|Any CPU
		{F63133B8-0516-4CCB-94B2-56BF31BB3170}.Release|x86.ActiveCfg = Release|Any CPU
		{F63133B8-0516-4CCB-94B2-56BF31BB3170}.Release|x86.Build.0 = Release|Any CPU
		{08C55635-8206-4DC2-B377-A3EE5B39CEBE}.Debug|Any CPU.ActiveCfg = Debug|Any CPU
		{08C55635-8206-4DC2-B377-A3EE5B39CEBE}.Debug|Any CPU.Build.0 = Debug|Any CPU
		{08C55635-8206-4DC2-B377-A3EE5B39CEBE}.Debug|x64.ActiveCfg = Debug|Any CPU
		{08C55635-8206-4DC2-B377-A3EE5B39CEBE}.Debug|x64.Build.0 = Debug|Any CPU
		{08C55635-8206-4DC2-B377-A3EE5B39CEBE}.Debug|x86.ActiveCfg = Debug|Any CPU
		{08C55635-8206-4DC2-B377-A3EE5B39CEBE}.Debug|x86.Build.0 = Debug|Any CPU
		{08C55635-8206-4DC2-B377-A3EE5B39CEBE}.Release|Any CPU.ActiveCfg = Release|Any CPU
		{08C55635-8206-4DC2-B377-A3EE5B39CEBE}.Release|Any CPU.Build.0 = Release|Any CPU
		{08C55635-8206-4DC2-B377-A3EE5B39CEBE}.Release|x64.ActiveCfg = Release|Any CPU
		{08C55635-8206-4DC2-B377-A3EE5B39CEBE}.Release|x64.Build.0 = Release|Any CPU
		{08C55635-8206-4DC2-B377-A3EE5B39CEBE}.Release|x86.ActiveCfg = Release|Any CPU
		{08C55635-8206-4DC2-B377-A3EE5B39CEBE}.Release|x86.Build.0 = Release|Any CPU
		{C4E08A2D-7E2B-4EE1-8AAE-5F9E8F0F2D63}.Debug|Any CPU.ActiveCfg = Debug|Any CPU
		{C4E08A2D-7E2B-4EE1-8AAE-5F9E8F0F2D63}.Debug|Any CPU.Build.0 = Debug|Any CPU
		{C4E08A2D-7E2B-4EE1-8AAE-5F9E8F0F2D63}.Debug|x64.ActiveCfg = Debug|Any CPU
		{C4E08A2D-7E2B-4EE1-8AAE-5F9E8F0F2D63}.Debug|x64.Build.0 = Debug|Any CPU
		{C4E08A2D-7E2B-4EE1-8AAE-5F9E8F0F2D63}.Debug|x86.ActiveCfg = Debug|Any CPU
		{C4E08A2D-7E2B-4EE1-8AAE-5F9E8F0F2D63}.Debug|x86.Build.0 = Debug|Any CPU
		{C4E08A2D-7E2B-4EE1-8AAE-5F9E8F0F2D63}.Release|Any CPU.ActiveCfg = Release|Any CPU
		{C4E08A2D-7E2B-4EE1-8AAE-5F9E8F0F2D63}.Release|Any CPU.Build.0 = Release|Any CPU
		{C4E08A2D-7E2B-4EE1-8AAE-5F9E8F0F2D63}.Release|x64.ActiveCfg = Release|Any CPU
		{C4E08A2D-7E2B-4EE1-8AAE-5F9E8F0F2D63}.Release|x64.Build.0 = Release|Any CPU
		{C4E08A2D-7E2B-4EE1-8AAE-5F9E8F0F2D63}.Release|x86.ActiveCfg = Release|Any CPU
		{C4E08A2D-7E2B-4EE1-8AAE-5F9E8F0F2D63}.Release|x86.Build.0 = Release|Any CPU
		{0C7ED4D4-5567-4BF3-8CE8-37B64B5F184C}.Debug|Any CPU.ActiveCfg = Debug|Any CPU
		{0C7ED4D4-5567-4BF3-8CE8-37B64B5F184C}.Debug|Any CPU.Build.0 = Debug|Any CPU
		{0C7ED4D4-5567-4BF3-8CE8-37B64B5F184C}.Debug|x64.ActiveCfg = Debug|Any CPU
		{0C7ED4D4-5567-4BF3-8CE8-37B64B5F184C}.Debug|x64.Build.0 = Debug|Any CPU
		{0C7ED4D4-5567-4BF3-8CE8-37B64B5F184C}.Debug|x86.ActiveCfg = Debug|Any CPU
		{0C7ED4D4-5567-4BF3-8CE8-37B64B5F184C}.Debug|x86.Build.0 = Debug|Any CPU
		{0C7ED4D4-5567-4BF3-8CE8-37B64B5F184C}.Release|Any CPU.ActiveCfg = Release|Any CPU
		{0C7ED4D4-5567-4BF3-8CE8-37B64B5F184C}.Release|Any CPU.Build.0 = Release|Any CPU
		{0C7ED4D4-5567-4BF3-8CE8-37B64B5F184C}.Release|x64.ActiveCfg = Release|Any CPU
		{0C7ED4D4-5567-4BF3-8CE8-37B64B5F184C}.Release|x64.Build.0 = Release|Any CPU
		{0C7ED4D4-5567-4BF3-8CE8-37B64B5F184C}.Release|x86.ActiveCfg = Release|Any CPU
		{0C7ED4D4-5567-4BF3-8CE8-37B64B5F184C}.Release|x86.Build.0 = Release|Any CPU
		{21F5AF26-A862-4F3D-8AE4-4666790BF314}.Debug|Any CPU.ActiveCfg = Debug|Any CPU
		{21F5AF26-A862-4F3D-8AE4-4666790BF314}.Debug|Any CPU.Build.0 = Debug|Any CPU
		{21F5AF26-A862-4F3D-8AE4-4666790BF314}.Debug|x64.ActiveCfg = Debug|Any CPU
		{21F5AF26-A862-4F3D-8AE4-4666790BF314}.Debug|x64.Build.0 = Debug|Any CPU
		{21F5AF26-A862-4F3D-8AE4-4666790BF314}.Debug|x86.ActiveCfg = Debug|Any CPU
		{21F5AF26-A862-4F3D-8AE4-4666790BF314}.Debug|x86.Build.0 = Debug|Any CPU
		{21F5AF26-A862-4F3D-8AE4-4666790BF314}.Release|Any CPU.ActiveCfg = Release|Any CPU
		{21F5AF26-A862-4F3D-8AE4-4666790BF314}.Release|Any CPU.Build.0 = Release|Any CPU
		{21F5AF26-A862-4F3D-8AE4-4666790BF314}.Release|x64.ActiveCfg = Release|Any CPU
		{21F5AF26-A862-4F3D-8AE4-4666790BF314}.Release|x64.Build.0 = Release|Any CPU
		{21F5AF26-A862-4F3D-8AE4-4666790BF314}.Release|x86.ActiveCfg = Release|Any CPU
		{21F5AF26-A862-4F3D-8AE4-4666790BF314}.Release|x86.Build.0 = Release|Any CPU
		{54F0E2D7-3242-42CD-BDD7-62ADD134D5CA}.Debug|Any CPU.ActiveCfg = Debug|Any CPU
		{54F0E2D7-3242-42CD-BDD7-62ADD134D5CA}.Debug|Any CPU.Build.0 = Debug|Any CPU
		{54F0E2D7-3242-42CD-BDD7-62ADD134D5CA}.Debug|x64.ActiveCfg = Debug|Any CPU
		{54F0E2D7-3242-42CD-BDD7-62ADD134D5CA}.Debug|x64.Build.0 = Debug|Any CPU
		{54F0E2D7-3242-42CD-BDD7-62ADD134D5CA}.Debug|x86.ActiveCfg = Debug|Any CPU
		{54F0E2D7-3242-42CD-BDD7-62ADD134D5CA}.Debug|x86.Build.0 = Debug|Any CPU
		{54F0E2D7-3242-42CD-BDD7-62ADD134D5CA}.Release|Any CPU.ActiveCfg = Release|Any CPU
		{54F0E2D7-3242-42CD-BDD7-62ADD134D5CA}.Release|Any CPU.Build.0 = Release|Any CPU
		{54F0E2D7-3242-42CD-BDD7-62ADD134D5CA}.Release|x64.ActiveCfg = Release|Any CPU
		{54F0E2D7-3242-42CD-BDD7-62ADD134D5CA}.Release|x64.Build.0 = Release|Any CPU
		{54F0E2D7-3242-42CD-BDD7-62ADD134D5CA}.Release|x86.ActiveCfg = Release|Any CPU
		{54F0E2D7-3242-42CD-BDD7-62ADD134D5CA}.Release|x86.Build.0 = Release|Any CPU
		{839A2638-235D-4F17-87B2-F282EAE76008}.Debug|Any CPU.ActiveCfg = Debug|Any CPU
		{839A2638-235D-4F17-87B2-F282EAE76008}.Debug|Any CPU.Build.0 = Debug|Any CPU
		{839A2638-235D-4F17-87B2-F282EAE76008}.Debug|x64.ActiveCfg = Debug|Any CPU
		{839A2638-235D-4F17-87B2-F282EAE76008}.Debug|x64.Build.0 = Debug|Any CPU
		{839A2638-235D-4F17-87B2-F282EAE76008}.Debug|x86.ActiveCfg = Debug|Any CPU
		{839A2638-235D-4F17-87B2-F282EAE76008}.Debug|x86.Build.0 = Debug|Any CPU
		{839A2638-235D-4F17-87B2-F282EAE76008}.Release|Any CPU.ActiveCfg = Release|Any CPU
		{839A2638-235D-4F17-87B2-F282EAE76008}.Release|Any CPU.Build.0 = Release|Any CPU
		{839A2638-235D-4F17-87B2-F282EAE76008}.Release|x64.ActiveCfg = Release|Any CPU
		{839A2638-235D-4F17-87B2-F282EAE76008}.Release|x64.Build.0 = Release|Any CPU
		{839A2638-235D-4F17-87B2-F282EAE76008}.Release|x86.ActiveCfg = Release|Any CPU
		{839A2638-235D-4F17-87B2-F282EAE76008}.Release|x86.Build.0 = Release|Any CPU
		{E65CF95A-A3A4-4891-8905-7F9E682483B7}.Debug|Any CPU.ActiveCfg = Debug|Any CPU
		{E65CF95A-A3A4-4891-8905-7F9E682483B7}.Debug|Any CPU.Build.0 = Debug|Any CPU
		{E65CF95A-A3A4-4891-8905-7F9E682483B7}.Debug|x64.ActiveCfg = Debug|Any CPU
		{E65CF95A-A3A4-4891-8905-7F9E682483B7}.Debug|x64.Build.0 = Debug|Any CPU
		{E65CF95A-A3A4-4891-8905-7F9E682483B7}.Debug|x86.ActiveCfg = Debug|Any CPU
		{E65CF95A-A3A4-4891-8905-7F9E682483B7}.Debug|x86.Build.0 = Debug|Any CPU
		{E65CF95A-A3A4-4891-8905-7F9E682483B7}.Release|Any CPU.ActiveCfg = Release|Any CPU
		{E65CF95A-A3A4-4891-8905-7F9E682483B7}.Release|Any CPU.Build.0 = Release|Any CPU
		{E65CF95A-A3A4-4891-8905-7F9E682483B7}.Release|x64.ActiveCfg = Release|Any CPU
		{E65CF95A-A3A4-4891-8905-7F9E682483B7}.Release|x64.Build.0 = Release|Any CPU
		{E65CF95A-A3A4-4891-8905-7F9E682483B7}.Release|x86.ActiveCfg = Release|Any CPU
		{E65CF95A-A3A4-4891-8905-7F9E682483B7}.Release|x86.Build.0 = Release|Any CPU
		{B9FD3BCB-93BC-4038-8CE3-91E22001F40B}.Debug|Any CPU.ActiveCfg = Debug|Any CPU
		{B9FD3BCB-93BC-4038-8CE3-91E22001F40B}.Debug|Any CPU.Build.0 = Debug|Any CPU
		{B9FD3BCB-93BC-4038-8CE3-91E22001F40B}.Debug|x64.ActiveCfg = Debug|Any CPU
		{B9FD3BCB-93BC-4038-8CE3-91E22001F40B}.Debug|x64.Build.0 = Debug|Any CPU
		{B9FD3BCB-93BC-4038-8CE3-91E22001F40B}.Debug|x86.ActiveCfg = Debug|Any CPU
		{B9FD3BCB-93BC-4038-8CE3-91E22001F40B}.Debug|x86.Build.0 = Debug|Any CPU
		{B9FD3BCB-93BC-4038-8CE3-91E22001F40B}.Release|Any CPU.ActiveCfg = Release|Any CPU
		{B9FD3BCB-93BC-4038-8CE3-91E22001F40B}.Release|Any CPU.Build.0 = Release|Any CPU
		{B9FD3BCB-93BC-4038-8CE3-91E22001F40B}.Release|x64.ActiveCfg = Release|Any CPU
		{B9FD3BCB-93BC-4038-8CE3-91E22001F40B}.Release|x64.Build.0 = Release|Any CPU
		{B9FD3BCB-93BC-4038-8CE3-91E22001F40B}.Release|x86.ActiveCfg = Release|Any CPU
		{B9FD3BCB-93BC-4038-8CE3-91E22001F40B}.Release|x86.Build.0 = Release|Any CPU
		{FFD45F7E-E987-41BB-8AE8-E58A1DE71611}.Debug|Any CPU.ActiveCfg = Debug|Any CPU
		{FFD45F7E-E987-41BB-8AE8-E58A1DE71611}.Debug|Any CPU.Build.0 = Debug|Any CPU
		{FFD45F7E-E987-41BB-8AE8-E58A1DE71611}.Debug|x64.ActiveCfg = Debug|Any CPU
		{FFD45F7E-E987-41BB-8AE8-E58A1DE71611}.Debug|x64.Build.0 = Debug|Any CPU
		{FFD45F7E-E987-41BB-8AE8-E58A1DE71611}.Debug|x86.ActiveCfg = Debug|Any CPU
		{FFD45F7E-E987-41BB-8AE8-E58A1DE71611}.Debug|x86.Build.0 = Debug|Any CPU
		{FFD45F7E-E987-41BB-8AE8-E58A1DE71611}.Release|Any CPU.ActiveCfg = Release|Any CPU
		{FFD45F7E-E987-41BB-8AE8-E58A1DE71611}.Release|Any CPU.Build.0 = Release|Any CPU
		{FFD45F7E-E987-41BB-8AE8-E58A1DE71611}.Release|x64.ActiveCfg = Release|Any CPU
		{FFD45F7E-E987-41BB-8AE8-E58A1DE71611}.Release|x64.Build.0 = Release|Any CPU
		{FFD45F7E-E987-41BB-8AE8-E58A1DE71611}.Release|x86.ActiveCfg = Release|Any CPU
		{FFD45F7E-E987-41BB-8AE8-E58A1DE71611}.Release|x86.Build.0 = Release|Any CPU
		{44CFB0CA-46FA-4A38-B7E4-F0A63BD01110}.Debug|Any CPU.ActiveCfg = Debug|Any CPU
		{44CFB0CA-46FA-4A38-B7E4-F0A63BD01110}.Debug|Any CPU.Build.0 = Debug|Any CPU
		{44CFB0CA-46FA-4A38-B7E4-F0A63BD01110}.Debug|x64.ActiveCfg = Debug|Any CPU
		{44CFB0CA-46FA-4A38-B7E4-F0A63BD01110}.Debug|x64.Build.0 = Debug|Any CPU
		{44CFB0CA-46FA-4A38-B7E4-F0A63BD01110}.Debug|x86.ActiveCfg = Debug|Any CPU
		{44CFB0CA-46FA-4A38-B7E4-F0A63BD01110}.Debug|x86.Build.0 = Debug|Any CPU
		{44CFB0CA-46FA-4A38-B7E4-F0A63BD01110}.Release|Any CPU.ActiveCfg = Release|Any CPU
		{44CFB0CA-46FA-4A38-B7E4-F0A63BD01110}.Release|Any CPU.Build.0 = Release|Any CPU
		{44CFB0CA-46FA-4A38-B7E4-F0A63BD01110}.Release|x64.ActiveCfg = Release|Any CPU
		{44CFB0CA-46FA-4A38-B7E4-F0A63BD01110}.Release|x64.Build.0 = Release|Any CPU
		{44CFB0CA-46FA-4A38-B7E4-F0A63BD01110}.Release|x86.ActiveCfg = Release|Any CPU
		{44CFB0CA-46FA-4A38-B7E4-F0A63BD01110}.Release|x86.Build.0 = Release|Any CPU
		{D61FA644-295D-41CA-A658-CC2DA35AD730}.Debug|Any CPU.ActiveCfg = Debug|Any CPU
		{D61FA644-295D-41CA-A658-CC2DA35AD730}.Debug|Any CPU.Build.0 = Debug|Any CPU
		{D61FA644-295D-41CA-A658-CC2DA35AD730}.Debug|x64.ActiveCfg = Debug|Any CPU
		{D61FA644-295D-41CA-A658-CC2DA35AD730}.Debug|x64.Build.0 = Debug|Any CPU
		{D61FA644-295D-41CA-A658-CC2DA35AD730}.Debug|x86.ActiveCfg = Debug|Any CPU
		{D61FA644-295D-41CA-A658-CC2DA35AD730}.Debug|x86.Build.0 = Debug|Any CPU
		{D61FA644-295D-41CA-A658-CC2DA35AD730}.Release|Any CPU.ActiveCfg = Release|Any CPU
		{D61FA644-295D-41CA-A658-CC2DA35AD730}.Release|Any CPU.Build.0 = Release|Any CPU
		{D61FA644-295D-41CA-A658-CC2DA35AD730}.Release|x64.ActiveCfg = Release|Any CPU
		{D61FA644-295D-41CA-A658-CC2DA35AD730}.Release|x64.Build.0 = Release|Any CPU
		{D61FA644-295D-41CA-A658-CC2DA35AD730}.Release|x86.ActiveCfg = Release|Any CPU
		{D61FA644-295D-41CA-A658-CC2DA35AD730}.Release|x86.Build.0 = Release|Any CPU
		{A98495CF-1FF9-4A58-BE0B-3F1949F3E4FD}.Debug|Any CPU.ActiveCfg = Debug|Any CPU
		{A98495CF-1FF9-4A58-BE0B-3F1949F3E4FD}.Debug|Any CPU.Build.0 = Debug|Any CPU
		{A98495CF-1FF9-4A58-BE0B-3F1949F3E4FD}.Debug|x64.ActiveCfg = Debug|Any CPU
		{A98495CF-1FF9-4A58-BE0B-3F1949F3E4FD}.Debug|x64.Build.0 = Debug|Any CPU
		{A98495CF-1FF9-4A58-BE0B-3F1949F3E4FD}.Debug|x86.ActiveCfg = Debug|Any CPU
		{A98495CF-1FF9-4A58-BE0B-3F1949F3E4FD}.Debug|x86.Build.0 = Debug|Any CPU
		{A98495CF-1FF9-4A58-BE0B-3F1949F3E4FD}.Release|Any CPU.ActiveCfg = Release|Any CPU
		{A98495CF-1FF9-4A58-BE0B-3F1949F3E4FD}.Release|Any CPU.Build.0 = Release|Any CPU
		{A98495CF-1FF9-4A58-BE0B-3F1949F3E4FD}.Release|x64.ActiveCfg = Release|Any CPU
		{A98495CF-1FF9-4A58-BE0B-3F1949F3E4FD}.Release|x64.Build.0 = Release|Any CPU
		{A98495CF-1FF9-4A58-BE0B-3F1949F3E4FD}.Release|x86.ActiveCfg = Release|Any CPU
		{A98495CF-1FF9-4A58-BE0B-3F1949F3E4FD}.Release|x86.Build.0 = Release|Any CPU
		{D7F7B535-8575-4DCD-9EB0-FAE997B395F7}.Debug|Any CPU.ActiveCfg = Debug|Any CPU
		{D7F7B535-8575-4DCD-9EB0-FAE997B395F7}.Debug|Any CPU.Build.0 = Debug|Any CPU
		{D7F7B535-8575-4DCD-9EB0-FAE997B395F7}.Debug|x64.ActiveCfg = Debug|Any CPU
		{D7F7B535-8575-4DCD-9EB0-FAE997B395F7}.Debug|x64.Build.0 = Debug|Any CPU
		{D7F7B535-8575-4DCD-9EB0-FAE997B395F7}.Debug|x86.ActiveCfg = Debug|Any CPU
		{D7F7B535-8575-4DCD-9EB0-FAE997B395F7}.Debug|x86.Build.0 = Debug|Any CPU
		{D7F7B535-8575-4DCD-9EB0-FAE997B395F7}.Release|Any CPU.ActiveCfg = Release|Any CPU
		{D7F7B535-8575-4DCD-9EB0-FAE997B395F7}.Release|Any CPU.Build.0 = Release|Any CPU
		{D7F7B535-8575-4DCD-9EB0-FAE997B395F7}.Release|x64.ActiveCfg = Release|Any CPU
		{D7F7B535-8575-4DCD-9EB0-FAE997B395F7}.Release|x64.Build.0 = Release|Any CPU
		{D7F7B535-8575-4DCD-9EB0-FAE997B395F7}.Release|x86.ActiveCfg = Release|Any CPU
		{D7F7B535-8575-4DCD-9EB0-FAE997B395F7}.Release|x86.Build.0 = Release|Any CPU
		{B91896B8-80B6-4F7F-8E68-95EC2BEA44C7}.Debug|Any CPU.ActiveCfg = Debug|Any CPU
		{B91896B8-80B6-4F7F-8E68-95EC2BEA44C7}.Debug|Any CPU.Build.0 = Debug|Any CPU
		{B91896B8-80B6-4F7F-8E68-95EC2BEA44C7}.Debug|x64.ActiveCfg = Debug|Any CPU
		{B91896B8-80B6-4F7F-8E68-95EC2BEA44C7}.Debug|x64.Build.0 = Debug|Any CPU
		{B91896B8-80B6-4F7F-8E68-95EC2BEA44C7}.Debug|x86.ActiveCfg = Debug|Any CPU
		{B91896B8-80B6-4F7F-8E68-95EC2BEA44C7}.Debug|x86.Build.0 = Debug|Any CPU
		{B91896B8-80B6-4F7F-8E68-95EC2BEA44C7}.Release|Any CPU.ActiveCfg = Release|Any CPU
		{B91896B8-80B6-4F7F-8E68-95EC2BEA44C7}.Release|Any CPU.Build.0 = Release|Any CPU
		{B91896B8-80B6-4F7F-8E68-95EC2BEA44C7}.Release|x64.ActiveCfg = Release|Any CPU
		{B91896B8-80B6-4F7F-8E68-95EC2BEA44C7}.Release|x64.Build.0 = Release|Any CPU
		{B91896B8-80B6-4F7F-8E68-95EC2BEA44C7}.Release|x86.ActiveCfg = Release|Any CPU
		{B91896B8-80B6-4F7F-8E68-95EC2BEA44C7}.Release|x86.Build.0 = Release|Any CPU
		{23BEA1C1-4D0D-4A73-9EF1-4E8248F30E08}.Debug|Any CPU.ActiveCfg = Debug|Any CPU
		{23BEA1C1-4D0D-4A73-9EF1-4E8248F30E08}.Debug|Any CPU.Build.0 = Debug|Any CPU
		{23BEA1C1-4D0D-4A73-9EF1-4E8248F30E08}.Debug|x64.ActiveCfg = Debug|Any CPU
		{23BEA1C1-4D0D-4A73-9EF1-4E8248F30E08}.Debug|x64.Build.0 = Debug|Any CPU
		{23BEA1C1-4D0D-4A73-9EF1-4E8248F30E08}.Debug|x86.ActiveCfg = Debug|Any CPU
		{23BEA1C1-4D0D-4A73-9EF1-4E8248F30E08}.Debug|x86.Build.0 = Debug|Any CPU
		{23BEA1C1-4D0D-4A73-9EF1-4E8248F30E08}.Release|Any CPU.ActiveCfg = Release|Any CPU
		{23BEA1C1-4D0D-4A73-9EF1-4E8248F30E08}.Release|Any CPU.Build.0 = Release|Any CPU
		{23BEA1C1-4D0D-4A73-9EF1-4E8248F30E08}.Release|x64.ActiveCfg = Release|Any CPU
		{23BEA1C1-4D0D-4A73-9EF1-4E8248F30E08}.Release|x64.Build.0 = Release|Any CPU
		{23BEA1C1-4D0D-4A73-9EF1-4E8248F30E08}.Release|x86.ActiveCfg = Release|Any CPU
		{23BEA1C1-4D0D-4A73-9EF1-4E8248F30E08}.Release|x86.Build.0 = Release|Any CPU
		{0DEAA6BA-A739-4C36-A7CD-6A56A151C71E}.Debug|Any CPU.ActiveCfg = Debug|Any CPU
		{0DEAA6BA-A739-4C36-A7CD-6A56A151C71E}.Debug|Any CPU.Build.0 = Debug|Any CPU
		{0DEAA6BA-A739-4C36-A7CD-6A56A151C71E}.Debug|x64.ActiveCfg = Debug|Any CPU
		{0DEAA6BA-A739-4C36-A7CD-6A56A151C71E}.Debug|x64.Build.0 = Debug|Any CPU
		{0DEAA6BA-A739-4C36-A7CD-6A56A151C71E}.Debug|x86.ActiveCfg = Debug|Any CPU
		{0DEAA6BA-A739-4C36-A7CD-6A56A151C71E}.Debug|x86.Build.0 = Debug|Any CPU
		{0DEAA6BA-A739-4C36-A7CD-6A56A151C71E}.Release|Any CPU.ActiveCfg = Release|Any CPU
		{0DEAA6BA-A739-4C36-A7CD-6A56A151C71E}.Release|Any CPU.Build.0 = Release|Any CPU
		{0DEAA6BA-A739-4C36-A7CD-6A56A151C71E}.Release|x64.ActiveCfg = Release|Any CPU
		{0DEAA6BA-A739-4C36-A7CD-6A56A151C71E}.Release|x64.Build.0 = Release|Any CPU
		{0DEAA6BA-A739-4C36-A7CD-6A56A151C71E}.Release|x86.ActiveCfg = Release|Any CPU
		{0DEAA6BA-A739-4C36-A7CD-6A56A151C71E}.Release|x86.Build.0 = Release|Any CPU
		{EC8EF18D-B31C-4474-B033-2A8712CF72EA}.Debug|Any CPU.ActiveCfg = Debug|Any CPU
		{EC8EF18D-B31C-4474-B033-2A8712CF72EA}.Debug|Any CPU.Build.0 = Debug|Any CPU
		{EC8EF18D-B31C-4474-B033-2A8712CF72EA}.Debug|x64.ActiveCfg = Debug|Any CPU
		{EC8EF18D-B31C-4474-B033-2A8712CF72EA}.Debug|x64.Build.0 = Debug|Any CPU
		{EC8EF18D-B31C-4474-B033-2A8712CF72EA}.Debug|x86.ActiveCfg = Debug|Any CPU
		{EC8EF18D-B31C-4474-B033-2A8712CF72EA}.Debug|x86.Build.0 = Debug|Any CPU
		{EC8EF18D-B31C-4474-B033-2A8712CF72EA}.Release|Any CPU.ActiveCfg = Release|Any CPU
		{EC8EF18D-B31C-4474-B033-2A8712CF72EA}.Release|Any CPU.Build.0 = Release|Any CPU
		{EC8EF18D-B31C-4474-B033-2A8712CF72EA}.Release|x64.ActiveCfg = Release|Any CPU
		{EC8EF18D-B31C-4474-B033-2A8712CF72EA}.Release|x64.Build.0 = Release|Any CPU
		{EC8EF18D-B31C-4474-B033-2A8712CF72EA}.Release|x86.ActiveCfg = Release|Any CPU
		{EC8EF18D-B31C-4474-B033-2A8712CF72EA}.Release|x86.Build.0 = Release|Any CPU
		{1BD3158A-7028-4802-B470-8842757336EC}.Debug|Any CPU.ActiveCfg = Debug|Any CPU
		{1BD3158A-7028-4802-B470-8842757336EC}.Debug|Any CPU.Build.0 = Debug|Any CPU
		{1BD3158A-7028-4802-B470-8842757336EC}.Debug|x64.ActiveCfg = Debug|Any CPU
		{1BD3158A-7028-4802-B470-8842757336EC}.Debug|x64.Build.0 = Debug|Any CPU
		{1BD3158A-7028-4802-B470-8842757336EC}.Debug|x86.ActiveCfg = Debug|Any CPU
		{1BD3158A-7028-4802-B470-8842757336EC}.Debug|x86.Build.0 = Debug|Any CPU
		{1BD3158A-7028-4802-B470-8842757336EC}.Release|Any CPU.ActiveCfg = Release|Any CPU
		{1BD3158A-7028-4802-B470-8842757336EC}.Release|Any CPU.Build.0 = Release|Any CPU
		{1BD3158A-7028-4802-B470-8842757336EC}.Release|x64.ActiveCfg = Release|Any CPU
		{1BD3158A-7028-4802-B470-8842757336EC}.Release|x64.Build.0 = Release|Any CPU
		{1BD3158A-7028-4802-B470-8842757336EC}.Release|x86.ActiveCfg = Release|Any CPU
		{1BD3158A-7028-4802-B470-8842757336EC}.Release|x86.Build.0 = Release|Any CPU
		{4097A1A3-13DB-4FF7-8B05-0DE826479B2A}.Debug|Any CPU.ActiveCfg = Debug|Any CPU
		{4097A1A3-13DB-4FF7-8B05-0DE826479B2A}.Debug|Any CPU.Build.0 = Debug|Any CPU
		{4097A1A3-13DB-4FF7-8B05-0DE826479B2A}.Debug|x64.ActiveCfg = Debug|Any CPU
		{4097A1A3-13DB-4FF7-8B05-0DE826479B2A}.Debug|x64.Build.0 = Debug|Any CPU
		{4097A1A3-13DB-4FF7-8B05-0DE826479B2A}.Debug|x86.ActiveCfg = Debug|Any CPU
		{4097A1A3-13DB-4FF7-8B05-0DE826479B2A}.Debug|x86.Build.0 = Debug|Any CPU
		{4097A1A3-13DB-4FF7-8B05-0DE826479B2A}.Release|Any CPU.ActiveCfg = Release|Any CPU
		{4097A1A3-13DB-4FF7-8B05-0DE826479B2A}.Release|Any CPU.Build.0 = Release|Any CPU
		{4097A1A3-13DB-4FF7-8B05-0DE826479B2A}.Release|x64.ActiveCfg = Release|Any CPU
		{4097A1A3-13DB-4FF7-8B05-0DE826479B2A}.Release|x64.Build.0 = Release|Any CPU
		{4097A1A3-13DB-4FF7-8B05-0DE826479B2A}.Release|x86.ActiveCfg = Release|Any CPU
		{4097A1A3-13DB-4FF7-8B05-0DE826479B2A}.Release|x86.Build.0 = Release|Any CPU
		{7E96893E-BE3A-49E5-A755-D908BA9B2581}.Debug|Any CPU.ActiveCfg = Debug|Any CPU
		{7E96893E-BE3A-49E5-A755-D908BA9B2581}.Debug|Any CPU.Build.0 = Debug|Any CPU
		{7E96893E-BE3A-49E5-A755-D908BA9B2581}.Debug|x64.ActiveCfg = Debug|Any CPU
		{7E96893E-BE3A-49E5-A755-D908BA9B2581}.Debug|x64.Build.0 = Debug|Any CPU
		{7E96893E-BE3A-49E5-A755-D908BA9B2581}.Debug|x86.ActiveCfg = Debug|Any CPU
		{7E96893E-BE3A-49E5-A755-D908BA9B2581}.Debug|x86.Build.0 = Debug|Any CPU
		{7E96893E-BE3A-49E5-A755-D908BA9B2581}.Release|Any CPU.ActiveCfg = Release|Any CPU
		{7E96893E-BE3A-49E5-A755-D908BA9B2581}.Release|Any CPU.Build.0 = Release|Any CPU
		{7E96893E-BE3A-49E5-A755-D908BA9B2581}.Release|x64.ActiveCfg = Release|Any CPU
		{7E96893E-BE3A-49E5-A755-D908BA9B2581}.Release|x64.Build.0 = Release|Any CPU
		{7E96893E-BE3A-49E5-A755-D908BA9B2581}.Release|x86.ActiveCfg = Release|Any CPU
		{7E96893E-BE3A-49E5-A755-D908BA9B2581}.Release|x86.Build.0 = Release|Any CPU
		{D3ECC6EF-5679-47FE-8322-2C5E6BF2CDD4}.Debug|Any CPU.ActiveCfg = Debug|Any CPU
		{D3ECC6EF-5679-47FE-8322-2C5E6BF2CDD4}.Debug|Any CPU.Build.0 = Debug|Any CPU
		{D3ECC6EF-5679-47FE-8322-2C5E6BF2CDD4}.Debug|x64.ActiveCfg = Debug|Any CPU
		{D3ECC6EF-5679-47FE-8322-2C5E6BF2CDD4}.Debug|x64.Build.0 = Debug|Any CPU
		{D3ECC6EF-5679-47FE-8322-2C5E6BF2CDD4}.Debug|x86.ActiveCfg = Debug|Any CPU
		{D3ECC6EF-5679-47FE-8322-2C5E6BF2CDD4}.Debug|x86.Build.0 = Debug|Any CPU
		{D3ECC6EF-5679-47FE-8322-2C5E6BF2CDD4}.Release|Any CPU.ActiveCfg = Release|Any CPU
		{D3ECC6EF-5679-47FE-8322-2C5E6BF2CDD4}.Release|Any CPU.Build.0 = Release|Any CPU
		{D3ECC6EF-5679-47FE-8322-2C5E6BF2CDD4}.Release|x64.ActiveCfg = Release|Any CPU
		{D3ECC6EF-5679-47FE-8322-2C5E6BF2CDD4}.Release|x64.Build.0 = Release|Any CPU
		{D3ECC6EF-5679-47FE-8322-2C5E6BF2CDD4}.Release|x86.ActiveCfg = Release|Any CPU
		{D3ECC6EF-5679-47FE-8322-2C5E6BF2CDD4}.Release|x86.Build.0 = Release|Any CPU
		{2260925D-E6E6-4EA8-989B-AB9C28C43D4E}.Debug|Any CPU.ActiveCfg = Debug|Any CPU
		{2260925D-E6E6-4EA8-989B-AB9C28C43D4E}.Debug|Any CPU.Build.0 = Debug|Any CPU
		{2260925D-E6E6-4EA8-989B-AB9C28C43D4E}.Debug|x64.ActiveCfg = Debug|Any CPU
		{2260925D-E6E6-4EA8-989B-AB9C28C43D4E}.Debug|x64.Build.0 = Debug|Any CPU
		{2260925D-E6E6-4EA8-989B-AB9C28C43D4E}.Debug|x86.ActiveCfg = Debug|Any CPU
		{2260925D-E6E6-4EA8-989B-AB9C28C43D4E}.Debug|x86.Build.0 = Debug|Any CPU
		{2260925D-E6E6-4EA8-989B-AB9C28C43D4E}.Release|Any CPU.ActiveCfg = Release|Any CPU
		{2260925D-E6E6-4EA8-989B-AB9C28C43D4E}.Release|Any CPU.Build.0 = Release|Any CPU
		{2260925D-E6E6-4EA8-989B-AB9C28C43D4E}.Release|x64.ActiveCfg = Release|Any CPU
		{2260925D-E6E6-4EA8-989B-AB9C28C43D4E}.Release|x64.Build.0 = Release|Any CPU
		{2260925D-E6E6-4EA8-989B-AB9C28C43D4E}.Release|x86.ActiveCfg = Release|Any CPU
		{2260925D-E6E6-4EA8-989B-AB9C28C43D4E}.Release|x86.Build.0 = Release|Any CPU
		{8AE58198-94E7-483C-AA3E-1C2300CBDFC5}.Debug|Any CPU.ActiveCfg = Debug|Any CPU
		{8AE58198-94E7-483C-AA3E-1C2300CBDFC5}.Debug|Any CPU.Build.0 = Debug|Any CPU
		{8AE58198-94E7-483C-AA3E-1C2300CBDFC5}.Debug|x64.ActiveCfg = Debug|Any CPU
		{8AE58198-94E7-483C-AA3E-1C2300CBDFC5}.Debug|x64.Build.0 = Debug|Any CPU
		{8AE58198-94E7-483C-AA3E-1C2300CBDFC5}.Debug|x86.ActiveCfg = Debug|Any CPU
		{8AE58198-94E7-483C-AA3E-1C2300CBDFC5}.Debug|x86.Build.0 = Debug|Any CPU
		{8AE58198-94E7-483C-AA3E-1C2300CBDFC5}.Release|Any CPU.ActiveCfg = Release|Any CPU
		{8AE58198-94E7-483C-AA3E-1C2300CBDFC5}.Release|Any CPU.Build.0 = Release|Any CPU
		{8AE58198-94E7-483C-AA3E-1C2300CBDFC5}.Release|x64.ActiveCfg = Release|Any CPU
		{8AE58198-94E7-483C-AA3E-1C2300CBDFC5}.Release|x64.Build.0 = Release|Any CPU
		{8AE58198-94E7-483C-AA3E-1C2300CBDFC5}.Release|x86.ActiveCfg = Release|Any CPU
		{8AE58198-94E7-483C-AA3E-1C2300CBDFC5}.Release|x86.Build.0 = Release|Any CPU
		{3145E20C-8A6F-4A3C-9FFE-F35E40BD96CC}.Debug|Any CPU.ActiveCfg = Debug|Any CPU
		{3145E20C-8A6F-4A3C-9FFE-F35E40BD96CC}.Debug|Any CPU.Build.0 = Debug|Any CPU
		{3145E20C-8A6F-4A3C-9FFE-F35E40BD96CC}.Debug|x64.ActiveCfg = Debug|Any CPU
		{3145E20C-8A6F-4A3C-9FFE-F35E40BD96CC}.Debug|x64.Build.0 = Debug|Any CPU
		{3145E20C-8A6F-4A3C-9FFE-F35E40BD96CC}.Debug|x86.ActiveCfg = Debug|Any CPU
		{3145E20C-8A6F-4A3C-9FFE-F35E40BD96CC}.Debug|x86.Build.0 = Debug|Any CPU
		{3145E20C-8A6F-4A3C-9FFE-F35E40BD96CC}.Release|Any CPU.ActiveCfg = Release|Any CPU
		{3145E20C-8A6F-4A3C-9FFE-F35E40BD96CC}.Release|Any CPU.Build.0 = Release|Any CPU
		{3145E20C-8A6F-4A3C-9FFE-F35E40BD96CC}.Release|x64.ActiveCfg = Release|Any CPU
		{3145E20C-8A6F-4A3C-9FFE-F35E40BD96CC}.Release|x64.Build.0 = Release|Any CPU
		{3145E20C-8A6F-4A3C-9FFE-F35E40BD96CC}.Release|x86.ActiveCfg = Release|Any CPU
		{3145E20C-8A6F-4A3C-9FFE-F35E40BD96CC}.Release|x86.Build.0 = Release|Any CPU
		{0CC60428-E33F-40E8-8600-9514AE2DDEFF}.Debug|Any CPU.ActiveCfg = Debug|Any CPU
		{0CC60428-E33F-40E8-8600-9514AE2DDEFF}.Debug|Any CPU.Build.0 = Debug|Any CPU
		{0CC60428-E33F-40E8-8600-9514AE2DDEFF}.Debug|x64.ActiveCfg = Debug|Any CPU
		{0CC60428-E33F-40E8-8600-9514AE2DDEFF}.Debug|x64.Build.0 = Debug|Any CPU
		{0CC60428-E33F-40E8-8600-9514AE2DDEFF}.Debug|x86.ActiveCfg = Debug|Any CPU
		{0CC60428-E33F-40E8-8600-9514AE2DDEFF}.Debug|x86.Build.0 = Debug|Any CPU
		{0CC60428-E33F-40E8-8600-9514AE2DDEFF}.Release|Any CPU.ActiveCfg = Release|Any CPU
		{0CC60428-E33F-40E8-8600-9514AE2DDEFF}.Release|Any CPU.Build.0 = Release|Any CPU
		{0CC60428-E33F-40E8-8600-9514AE2DDEFF}.Release|x64.ActiveCfg = Release|Any CPU
		{0CC60428-E33F-40E8-8600-9514AE2DDEFF}.Release|x64.Build.0 = Release|Any CPU
		{0CC60428-E33F-40E8-8600-9514AE2DDEFF}.Release|x86.ActiveCfg = Release|Any CPU
		{0CC60428-E33F-40E8-8600-9514AE2DDEFF}.Release|x86.Build.0 = Release|Any CPU
		{A9905806-C3AA-4D31-AADA-4A543D370AF5}.Debug|Any CPU.ActiveCfg = Debug|Any CPU
		{A9905806-C3AA-4D31-AADA-4A543D370AF5}.Debug|Any CPU.Build.0 = Debug|Any CPU
		{A9905806-C3AA-4D31-AADA-4A543D370AF5}.Debug|x64.ActiveCfg = Debug|Any CPU
		{A9905806-C3AA-4D31-AADA-4A543D370AF5}.Debug|x64.Build.0 = Debug|Any CPU
		{A9905806-C3AA-4D31-AADA-4A543D370AF5}.Debug|x86.ActiveCfg = Debug|Any CPU
		{A9905806-C3AA-4D31-AADA-4A543D370AF5}.Debug|x86.Build.0 = Debug|Any CPU
		{A9905806-C3AA-4D31-AADA-4A543D370AF5}.Release|Any CPU.ActiveCfg = Release|Any CPU
		{A9905806-C3AA-4D31-AADA-4A543D370AF5}.Release|Any CPU.Build.0 = Release|Any CPU
		{A9905806-C3AA-4D31-AADA-4A543D370AF5}.Release|x64.ActiveCfg = Release|Any CPU
		{A9905806-C3AA-4D31-AADA-4A543D370AF5}.Release|x64.Build.0 = Release|Any CPU
		{A9905806-C3AA-4D31-AADA-4A543D370AF5}.Release|x86.ActiveCfg = Release|Any CPU
		{A9905806-C3AA-4D31-AADA-4A543D370AF5}.Release|x86.Build.0 = Release|Any CPU
		{A60ABC26-036D-4A1D-A4E7-B4370E70FC3A}.Debug|Any CPU.ActiveCfg = Debug|Any CPU
		{A60ABC26-036D-4A1D-A4E7-B4370E70FC3A}.Debug|Any CPU.Build.0 = Debug|Any CPU
		{A60ABC26-036D-4A1D-A4E7-B4370E70FC3A}.Debug|x64.ActiveCfg = Debug|Any CPU
		{A60ABC26-036D-4A1D-A4E7-B4370E70FC3A}.Debug|x64.Build.0 = Debug|Any CPU
		{A60ABC26-036D-4A1D-A4E7-B4370E70FC3A}.Debug|x86.ActiveCfg = Debug|Any CPU
		{A60ABC26-036D-4A1D-A4E7-B4370E70FC3A}.Debug|x86.Build.0 = Debug|Any CPU
		{A60ABC26-036D-4A1D-A4E7-B4370E70FC3A}.Release|Any CPU.ActiveCfg = Release|Any CPU
		{A60ABC26-036D-4A1D-A4E7-B4370E70FC3A}.Release|Any CPU.Build.0 = Release|Any CPU
		{A60ABC26-036D-4A1D-A4E7-B4370E70FC3A}.Release|x64.ActiveCfg = Release|Any CPU
		{A60ABC26-036D-4A1D-A4E7-B4370E70FC3A}.Release|x64.Build.0 = Release|Any CPU
		{A60ABC26-036D-4A1D-A4E7-B4370E70FC3A}.Release|x86.ActiveCfg = Release|Any CPU
		{A60ABC26-036D-4A1D-A4E7-B4370E70FC3A}.Release|x86.Build.0 = Release|Any CPU
		{A05B37E2-CE40-4A38-83A4-8B57542F5E59}.Debug|Any CPU.ActiveCfg = Debug|Any CPU
		{A05B37E2-CE40-4A38-83A4-8B57542F5E59}.Debug|Any CPU.Build.0 = Debug|Any CPU
		{A05B37E2-CE40-4A38-83A4-8B57542F5E59}.Debug|x64.ActiveCfg = Debug|Any CPU
		{A05B37E2-CE40-4A38-83A4-8B57542F5E59}.Debug|x64.Build.0 = Debug|Any CPU
		{A05B37E2-CE40-4A38-83A4-8B57542F5E59}.Debug|x86.ActiveCfg = Debug|Any CPU
		{A05B37E2-CE40-4A38-83A4-8B57542F5E59}.Debug|x86.Build.0 = Debug|Any CPU
		{A05B37E2-CE40-4A38-83A4-8B57542F5E59}.Release|Any CPU.ActiveCfg = Release|Any CPU
		{A05B37E2-CE40-4A38-83A4-8B57542F5E59}.Release|Any CPU.Build.0 = Release|Any CPU
		{A05B37E2-CE40-4A38-83A4-8B57542F5E59}.Release|x64.ActiveCfg = Release|Any CPU
		{A05B37E2-CE40-4A38-83A4-8B57542F5E59}.Release|x64.Build.0 = Release|Any CPU
		{A05B37E2-CE40-4A38-83A4-8B57542F5E59}.Release|x86.ActiveCfg = Release|Any CPU
		{A05B37E2-CE40-4A38-83A4-8B57542F5E59}.Release|x86.Build.0 = Release|Any CPU
		{44E55A86-2A6F-47FE-A00C-8F2121C2D598}.Debug|Any CPU.ActiveCfg = Debug|Any CPU
		{44E55A86-2A6F-47FE-A00C-8F2121C2D598}.Debug|Any CPU.Build.0 = Debug|Any CPU
		{44E55A86-2A6F-47FE-A00C-8F2121C2D598}.Debug|x64.ActiveCfg = Debug|Any CPU
		{44E55A86-2A6F-47FE-A00C-8F2121C2D598}.Debug|x64.Build.0 = Debug|Any CPU
		{44E55A86-2A6F-47FE-A00C-8F2121C2D598}.Debug|x86.ActiveCfg = Debug|Any CPU
		{44E55A86-2A6F-47FE-A00C-8F2121C2D598}.Debug|x86.Build.0 = Debug|Any CPU
		{44E55A86-2A6F-47FE-A00C-8F2121C2D598}.Release|Any CPU.ActiveCfg = Release|Any CPU
		{44E55A86-2A6F-47FE-A00C-8F2121C2D598}.Release|Any CPU.Build.0 = Release|Any CPU
		{44E55A86-2A6F-47FE-A00C-8F2121C2D598}.Release|x64.ActiveCfg = Release|Any CPU
		{44E55A86-2A6F-47FE-A00C-8F2121C2D598}.Release|x64.Build.0 = Release|Any CPU
		{44E55A86-2A6F-47FE-A00C-8F2121C2D598}.Release|x86.ActiveCfg = Release|Any CPU
		{44E55A86-2A6F-47FE-A00C-8F2121C2D598}.Release|x86.Build.0 = Release|Any CPU
		{B904A286-4C66-4C96-BDC7-FABAF30982AD}.Debug|Any CPU.ActiveCfg = Debug|Any CPU
		{B904A286-4C66-4C96-BDC7-FABAF30982AD}.Debug|Any CPU.Build.0 = Debug|Any CPU
		{B904A286-4C66-4C96-BDC7-FABAF30982AD}.Debug|x64.ActiveCfg = Debug|Any CPU
		{B904A286-4C66-4C96-BDC7-FABAF30982AD}.Debug|x64.Build.0 = Debug|Any CPU
		{B904A286-4C66-4C96-BDC7-FABAF30982AD}.Debug|x86.ActiveCfg = Debug|Any CPU
		{B904A286-4C66-4C96-BDC7-FABAF30982AD}.Debug|x86.Build.0 = Debug|Any CPU
		{B904A286-4C66-4C96-BDC7-FABAF30982AD}.Release|Any CPU.ActiveCfg = Release|Any CPU
		{B904A286-4C66-4C96-BDC7-FABAF30982AD}.Release|Any CPU.Build.0 = Release|Any CPU
		{B904A286-4C66-4C96-BDC7-FABAF30982AD}.Release|x64.ActiveCfg = Release|Any CPU
		{B904A286-4C66-4C96-BDC7-FABAF30982AD}.Release|x64.Build.0 = Release|Any CPU
		{B904A286-4C66-4C96-BDC7-FABAF30982AD}.Release|x86.ActiveCfg = Release|Any CPU
		{B904A286-4C66-4C96-BDC7-FABAF30982AD}.Release|x86.Build.0 = Release|Any CPU
		{77221EC0-AC5C-46E1-A314-2D06B89E5FA8}.Debug|Any CPU.ActiveCfg = Debug|Any CPU
		{77221EC0-AC5C-46E1-A314-2D06B89E5FA8}.Debug|Any CPU.Build.0 = Debug|Any CPU
		{77221EC0-AC5C-46E1-A314-2D06B89E5FA8}.Debug|x64.ActiveCfg = Debug|Any CPU
		{77221EC0-AC5C-46E1-A314-2D06B89E5FA8}.Debug|x64.Build.0 = Debug|Any CPU
		{77221EC0-AC5C-46E1-A314-2D06B89E5FA8}.Debug|x86.ActiveCfg = Debug|Any CPU
		{77221EC0-AC5C-46E1-A314-2D06B89E5FA8}.Debug|x86.Build.0 = Debug|Any CPU
		{77221EC0-AC5C-46E1-A314-2D06B89E5FA8}.Release|Any CPU.ActiveCfg = Release|Any CPU
		{77221EC0-AC5C-46E1-A314-2D06B89E5FA8}.Release|Any CPU.Build.0 = Release|Any CPU
		{77221EC0-AC5C-46E1-A314-2D06B89E5FA8}.Release|x64.ActiveCfg = Release|Any CPU
		{77221EC0-AC5C-46E1-A314-2D06B89E5FA8}.Release|x64.Build.0 = Release|Any CPU
		{77221EC0-AC5C-46E1-A314-2D06B89E5FA8}.Release|x86.ActiveCfg = Release|Any CPU
		{77221EC0-AC5C-46E1-A314-2D06B89E5FA8}.Release|x86.Build.0 = Release|Any CPU
		{324902CD-5306-4C3F-8256-E26AD2FDC3D9}.Debug|Any CPU.ActiveCfg = Debug|Any CPU
		{324902CD-5306-4C3F-8256-E26AD2FDC3D9}.Debug|Any CPU.Build.0 = Debug|Any CPU
		{324902CD-5306-4C3F-8256-E26AD2FDC3D9}.Debug|x64.ActiveCfg = Debug|Any CPU
		{324902CD-5306-4C3F-8256-E26AD2FDC3D9}.Debug|x64.Build.0 = Debug|Any CPU
		{324902CD-5306-4C3F-8256-E26AD2FDC3D9}.Debug|x86.ActiveCfg = Debug|Any CPU
		{324902CD-5306-4C3F-8256-E26AD2FDC3D9}.Debug|x86.Build.0 = Debug|Any CPU
		{324902CD-5306-4C3F-8256-E26AD2FDC3D9}.Release|Any CPU.ActiveCfg = Release|Any CPU
		{324902CD-5306-4C3F-8256-E26AD2FDC3D9}.Release|Any CPU.Build.0 = Release|Any CPU
		{324902CD-5306-4C3F-8256-E26AD2FDC3D9}.Release|x64.ActiveCfg = Release|Any CPU
		{324902CD-5306-4C3F-8256-E26AD2FDC3D9}.Release|x64.Build.0 = Release|Any CPU
		{324902CD-5306-4C3F-8256-E26AD2FDC3D9}.Release|x86.ActiveCfg = Release|Any CPU
		{324902CD-5306-4C3F-8256-E26AD2FDC3D9}.Release|x86.Build.0 = Release|Any CPU
		{FEBDFBE7-E8EF-46DF-9089-6C92F5EFF381}.Debug|Any CPU.ActiveCfg = Debug|Any CPU
		{FEBDFBE7-E8EF-46DF-9089-6C92F5EFF381}.Debug|Any CPU.Build.0 = Debug|Any CPU
		{FEBDFBE7-E8EF-46DF-9089-6C92F5EFF381}.Debug|x64.ActiveCfg = Debug|Any CPU
		{FEBDFBE7-E8EF-46DF-9089-6C92F5EFF381}.Debug|x64.Build.0 = Debug|Any CPU
		{FEBDFBE7-E8EF-46DF-9089-6C92F5EFF381}.Debug|x86.ActiveCfg = Debug|Any CPU
		{FEBDFBE7-E8EF-46DF-9089-6C92F5EFF381}.Debug|x86.Build.0 = Debug|Any CPU
		{FEBDFBE7-E8EF-46DF-9089-6C92F5EFF381}.Release|Any CPU.ActiveCfg = Release|Any CPU
		{FEBDFBE7-E8EF-46DF-9089-6C92F5EFF381}.Release|Any CPU.Build.0 = Release|Any CPU
		{FEBDFBE7-E8EF-46DF-9089-6C92F5EFF381}.Release|x64.ActiveCfg = Release|Any CPU
		{FEBDFBE7-E8EF-46DF-9089-6C92F5EFF381}.Release|x64.Build.0 = Release|Any CPU
		{FEBDFBE7-E8EF-46DF-9089-6C92F5EFF381}.Release|x86.ActiveCfg = Release|Any CPU
		{FEBDFBE7-E8EF-46DF-9089-6C92F5EFF381}.Release|x86.Build.0 = Release|Any CPU
		{D42AE15E-3E60-4E34-9EF9-CF8E1FCC9AA2}.Debug|Any CPU.ActiveCfg = Debug|Any CPU
		{D42AE15E-3E60-4E34-9EF9-CF8E1FCC9AA2}.Debug|Any CPU.Build.0 = Debug|Any CPU
		{D42AE15E-3E60-4E34-9EF9-CF8E1FCC9AA2}.Debug|x64.ActiveCfg = Debug|Any CPU
		{D42AE15E-3E60-4E34-9EF9-CF8E1FCC9AA2}.Debug|x64.Build.0 = Debug|Any CPU
		{D42AE15E-3E60-4E34-9EF9-CF8E1FCC9AA2}.Debug|x86.ActiveCfg = Debug|Any CPU
		{D42AE15E-3E60-4E34-9EF9-CF8E1FCC9AA2}.Debug|x86.Build.0 = Debug|Any CPU
		{D42AE15E-3E60-4E34-9EF9-CF8E1FCC9AA2}.Release|Any CPU.ActiveCfg = Release|Any CPU
		{D42AE15E-3E60-4E34-9EF9-CF8E1FCC9AA2}.Release|Any CPU.Build.0 = Release|Any CPU
		{D42AE15E-3E60-4E34-9EF9-CF8E1FCC9AA2}.Release|x64.ActiveCfg = Release|Any CPU
		{D42AE15E-3E60-4E34-9EF9-CF8E1FCC9AA2}.Release|x64.Build.0 = Release|Any CPU
		{D42AE15E-3E60-4E34-9EF9-CF8E1FCC9AA2}.Release|x86.ActiveCfg = Release|Any CPU
		{D42AE15E-3E60-4E34-9EF9-CF8E1FCC9AA2}.Release|x86.Build.0 = Release|Any CPU
		{5B0C7733-F6E2-4A22-9B1B-B03D89A9D2D9}.Debug|Any CPU.ActiveCfg = Debug|Any CPU
		{5B0C7733-F6E2-4A22-9B1B-B03D89A9D2D9}.Debug|Any CPU.Build.0 = Debug|Any CPU
		{5B0C7733-F6E2-4A22-9B1B-B03D89A9D2D9}.Debug|x64.ActiveCfg = Debug|Any CPU
		{5B0C7733-F6E2-4A22-9B1B-B03D89A9D2D9}.Debug|x64.Build.0 = Debug|Any CPU
		{5B0C7733-F6E2-4A22-9B1B-B03D89A9D2D9}.Debug|x86.ActiveCfg = Debug|Any CPU
		{5B0C7733-F6E2-4A22-9B1B-B03D89A9D2D9}.Debug|x86.Build.0 = Debug|Any CPU
		{5B0C7733-F6E2-4A22-9B1B-B03D89A9D2D9}.Release|Any CPU.ActiveCfg = Release|Any CPU
		{5B0C7733-F6E2-4A22-9B1B-B03D89A9D2D9}.Release|Any CPU.Build.0 = Release|Any CPU
		{5B0C7733-F6E2-4A22-9B1B-B03D89A9D2D9}.Release|x64.ActiveCfg = Release|Any CPU
		{5B0C7733-F6E2-4A22-9B1B-B03D89A9D2D9}.Release|x64.Build.0 = Release|Any CPU
		{5B0C7733-F6E2-4A22-9B1B-B03D89A9D2D9}.Release|x86.ActiveCfg = Release|Any CPU
		{5B0C7733-F6E2-4A22-9B1B-B03D89A9D2D9}.Release|x86.Build.0 = Release|Any CPU
		{3842944C-994A-41DE-9672-7B9C7F871092}.Debug|Any CPU.ActiveCfg = Debug|Any CPU
		{3842944C-994A-41DE-9672-7B9C7F871092}.Debug|Any CPU.Build.0 = Debug|Any CPU
		{3842944C-994A-41DE-9672-7B9C7F871092}.Debug|x64.ActiveCfg = Debug|Any CPU
		{3842944C-994A-41DE-9672-7B9C7F871092}.Debug|x64.Build.0 = Debug|Any CPU
		{3842944C-994A-41DE-9672-7B9C7F871092}.Debug|x86.ActiveCfg = Debug|Any CPU
		{3842944C-994A-41DE-9672-7B9C7F871092}.Debug|x86.Build.0 = Debug|Any CPU
		{3842944C-994A-41DE-9672-7B9C7F871092}.Release|Any CPU.ActiveCfg = Release|Any CPU
		{3842944C-994A-41DE-9672-7B9C7F871092}.Release|Any CPU.Build.0 = Release|Any CPU
		{3842944C-994A-41DE-9672-7B9C7F871092}.Release|x64.ActiveCfg = Release|Any CPU
		{3842944C-994A-41DE-9672-7B9C7F871092}.Release|x64.Build.0 = Release|Any CPU
		{3842944C-994A-41DE-9672-7B9C7F871092}.Release|x86.ActiveCfg = Release|Any CPU
		{3842944C-994A-41DE-9672-7B9C7F871092}.Release|x86.Build.0 = Release|Any CPU
		{731D28C5-38D4-44BD-A207-1B90081B7C27}.Debug|Any CPU.ActiveCfg = Debug|Any CPU
		{731D28C5-38D4-44BD-A207-1B90081B7C27}.Debug|Any CPU.Build.0 = Debug|Any CPU
		{731D28C5-38D4-44BD-A207-1B90081B7C27}.Debug|x64.ActiveCfg = Debug|Any CPU
		{731D28C5-38D4-44BD-A207-1B90081B7C27}.Debug|x64.Build.0 = Debug|Any CPU
		{731D28C5-38D4-44BD-A207-1B90081B7C27}.Debug|x86.ActiveCfg = Debug|Any CPU
		{731D28C5-38D4-44BD-A207-1B90081B7C27}.Debug|x86.Build.0 = Debug|Any CPU
		{731D28C5-38D4-44BD-A207-1B90081B7C27}.Release|Any CPU.ActiveCfg = Release|Any CPU
		{731D28C5-38D4-44BD-A207-1B90081B7C27}.Release|Any CPU.Build.0 = Release|Any CPU
		{731D28C5-38D4-44BD-A207-1B90081B7C27}.Release|x64.ActiveCfg = Release|Any CPU
		{731D28C5-38D4-44BD-A207-1B90081B7C27}.Release|x64.Build.0 = Release|Any CPU
		{731D28C5-38D4-44BD-A207-1B90081B7C27}.Release|x86.ActiveCfg = Release|Any CPU
		{731D28C5-38D4-44BD-A207-1B90081B7C27}.Release|x86.Build.0 = Release|Any CPU
		{7D0D1928-FE4C-4002-B182-26CBA7EABBCC}.Debug|Any CPU.ActiveCfg = Debug|Any CPU
		{7D0D1928-FE4C-4002-B182-26CBA7EABBCC}.Debug|Any CPU.Build.0 = Debug|Any CPU
		{7D0D1928-FE4C-4002-B182-26CBA7EABBCC}.Debug|x64.ActiveCfg = Debug|Any CPU
		{7D0D1928-FE4C-4002-B182-26CBA7EABBCC}.Debug|x64.Build.0 = Debug|Any CPU
		{7D0D1928-FE4C-4002-B182-26CBA7EABBCC}.Debug|x86.ActiveCfg = Debug|Any CPU
		{7D0D1928-FE4C-4002-B182-26CBA7EABBCC}.Debug|x86.Build.0 = Debug|Any CPU
		{7D0D1928-FE4C-4002-B182-26CBA7EABBCC}.Release|Any CPU.ActiveCfg = Release|Any CPU
		{7D0D1928-FE4C-4002-B182-26CBA7EABBCC}.Release|Any CPU.Build.0 = Release|Any CPU
		{7D0D1928-FE4C-4002-B182-26CBA7EABBCC}.Release|x64.ActiveCfg = Release|Any CPU
		{7D0D1928-FE4C-4002-B182-26CBA7EABBCC}.Release|x64.Build.0 = Release|Any CPU
		{7D0D1928-FE4C-4002-B182-26CBA7EABBCC}.Release|x86.ActiveCfg = Release|Any CPU
		{7D0D1928-FE4C-4002-B182-26CBA7EABBCC}.Release|x86.Build.0 = Release|Any CPU
		{1E3CFE57-50B7-48A4-8929-993B7C6A6350}.Debug|Any CPU.ActiveCfg = Debug|Any CPU
		{1E3CFE57-50B7-48A4-8929-993B7C6A6350}.Debug|Any CPU.Build.0 = Debug|Any CPU
		{1E3CFE57-50B7-48A4-8929-993B7C6A6350}.Debug|x64.ActiveCfg = Debug|Any CPU
		{1E3CFE57-50B7-48A4-8929-993B7C6A6350}.Debug|x64.Build.0 = Debug|Any CPU
		{1E3CFE57-50B7-48A4-8929-993B7C6A6350}.Debug|x86.ActiveCfg = Debug|Any CPU
		{1E3CFE57-50B7-48A4-8929-993B7C6A6350}.Debug|x86.Build.0 = Debug|Any CPU
		{1E3CFE57-50B7-48A4-8929-993B7C6A6350}.Release|Any CPU.ActiveCfg = Release|Any CPU
		{1E3CFE57-50B7-48A4-8929-993B7C6A6350}.Release|Any CPU.Build.0 = Release|Any CPU
		{1E3CFE57-50B7-48A4-8929-993B7C6A6350}.Release|x64.ActiveCfg = Release|Any CPU
		{1E3CFE57-50B7-48A4-8929-993B7C6A6350}.Release|x64.Build.0 = Release|Any CPU
		{1E3CFE57-50B7-48A4-8929-993B7C6A6350}.Release|x86.ActiveCfg = Release|Any CPU
		{1E3CFE57-50B7-48A4-8929-993B7C6A6350}.Release|x86.Build.0 = Release|Any CPU
		{80B83060-04D6-4746-92D0-F33E90DCBCE3}.Debug|Any CPU.ActiveCfg = Debug|Any CPU
		{80B83060-04D6-4746-92D0-F33E90DCBCE3}.Debug|Any CPU.Build.0 = Debug|Any CPU
		{80B83060-04D6-4746-92D0-F33E90DCBCE3}.Debug|x64.ActiveCfg = Debug|Any CPU
		{80B83060-04D6-4746-92D0-F33E90DCBCE3}.Debug|x64.Build.0 = Debug|Any CPU
		{80B83060-04D6-4746-92D0-F33E90DCBCE3}.Debug|x86.ActiveCfg = Debug|Any CPU
		{80B83060-04D6-4746-92D0-F33E90DCBCE3}.Debug|x86.Build.0 = Debug|Any CPU
		{80B83060-04D6-4746-92D0-F33E90DCBCE3}.Release|Any CPU.ActiveCfg = Release|Any CPU
		{80B83060-04D6-4746-92D0-F33E90DCBCE3}.Release|Any CPU.Build.0 = Release|Any CPU
		{80B83060-04D6-4746-92D0-F33E90DCBCE3}.Release|x64.ActiveCfg = Release|Any CPU
		{80B83060-04D6-4746-92D0-F33E90DCBCE3}.Release|x64.Build.0 = Release|Any CPU
		{80B83060-04D6-4746-92D0-F33E90DCBCE3}.Release|x86.ActiveCfg = Release|Any CPU
		{80B83060-04D6-4746-92D0-F33E90DCBCE3}.Release|x86.Build.0 = Release|Any CPU
		{DFF81995-591D-4317-9D03-D0CE9FDCCF66}.Debug|Any CPU.ActiveCfg = Debug|Any CPU
		{DFF81995-591D-4317-9D03-D0CE9FDCCF66}.Debug|Any CPU.Build.0 = Debug|Any CPU
		{DFF81995-591D-4317-9D03-D0CE9FDCCF66}.Debug|x64.ActiveCfg = Debug|Any CPU
		{DFF81995-591D-4317-9D03-D0CE9FDCCF66}.Debug|x64.Build.0 = Debug|Any CPU
		{DFF81995-591D-4317-9D03-D0CE9FDCCF66}.Debug|x86.ActiveCfg = Debug|Any CPU
		{DFF81995-591D-4317-9D03-D0CE9FDCCF66}.Debug|x86.Build.0 = Debug|Any CPU
		{DFF81995-591D-4317-9D03-D0CE9FDCCF66}.Release|Any CPU.ActiveCfg = Release|Any CPU
		{DFF81995-591D-4317-9D03-D0CE9FDCCF66}.Release|Any CPU.Build.0 = Release|Any CPU
		{DFF81995-591D-4317-9D03-D0CE9FDCCF66}.Release|x64.ActiveCfg = Release|Any CPU
		{DFF81995-591D-4317-9D03-D0CE9FDCCF66}.Release|x64.Build.0 = Release|Any CPU
		{DFF81995-591D-4317-9D03-D0CE9FDCCF66}.Release|x86.ActiveCfg = Release|Any CPU
		{DFF81995-591D-4317-9D03-D0CE9FDCCF66}.Release|x86.Build.0 = Release|Any CPU
		{98ABCA14-41BA-48A4-AC83-121E242C0534}.Debug|Any CPU.ActiveCfg = Debug|Any CPU
		{98ABCA14-41BA-48A4-AC83-121E242C0534}.Debug|Any CPU.Build.0 = Debug|Any CPU
		{98ABCA14-41BA-48A4-AC83-121E242C0534}.Debug|x64.ActiveCfg = Debug|Any CPU
		{98ABCA14-41BA-48A4-AC83-121E242C0534}.Debug|x64.Build.0 = Debug|Any CPU
		{98ABCA14-41BA-48A4-AC83-121E242C0534}.Debug|x86.ActiveCfg = Debug|Any CPU
		{98ABCA14-41BA-48A4-AC83-121E242C0534}.Debug|x86.Build.0 = Debug|Any CPU
		{98ABCA14-41BA-48A4-AC83-121E242C0534}.Release|Any CPU.ActiveCfg = Release|Any CPU
		{98ABCA14-41BA-48A4-AC83-121E242C0534}.Release|Any CPU.Build.0 = Release|Any CPU
		{98ABCA14-41BA-48A4-AC83-121E242C0534}.Release|x64.ActiveCfg = Release|Any CPU
		{98ABCA14-41BA-48A4-AC83-121E242C0534}.Release|x64.Build.0 = Release|Any CPU
		{98ABCA14-41BA-48A4-AC83-121E242C0534}.Release|x86.ActiveCfg = Release|Any CPU
		{98ABCA14-41BA-48A4-AC83-121E242C0534}.Release|x86.Build.0 = Release|Any CPU
		{608DC231-AA8C-4EBF-931C-53D28436B227}.Debug|Any CPU.ActiveCfg = Debug|Any CPU
		{608DC231-AA8C-4EBF-931C-53D28436B227}.Debug|Any CPU.Build.0 = Debug|Any CPU
		{608DC231-AA8C-4EBF-931C-53D28436B227}.Debug|x64.ActiveCfg = Debug|Any CPU
		{608DC231-AA8C-4EBF-931C-53D28436B227}.Debug|x64.Build.0 = Debug|Any CPU
		{608DC231-AA8C-4EBF-931C-53D28436B227}.Debug|x86.ActiveCfg = Debug|Any CPU
		{608DC231-AA8C-4EBF-931C-53D28436B227}.Debug|x86.Build.0 = Debug|Any CPU
		{608DC231-AA8C-4EBF-931C-53D28436B227}.Release|Any CPU.ActiveCfg = Release|Any CPU
		{608DC231-AA8C-4EBF-931C-53D28436B227}.Release|Any CPU.Build.0 = Release|Any CPU
		{608DC231-AA8C-4EBF-931C-53D28436B227}.Release|x64.ActiveCfg = Release|Any CPU
		{608DC231-AA8C-4EBF-931C-53D28436B227}.Release|x64.Build.0 = Release|Any CPU
		{608DC231-AA8C-4EBF-931C-53D28436B227}.Release|x86.ActiveCfg = Release|Any CPU
		{608DC231-AA8C-4EBF-931C-53D28436B227}.Release|x86.Build.0 = Release|Any CPU
		{07A95999-F82F-4ED4-A4E2-626206E3A32D}.Debug|Any CPU.ActiveCfg = Debug|Any CPU
		{07A95999-F82F-4ED4-A4E2-626206E3A32D}.Debug|Any CPU.Build.0 = Debug|Any CPU
		{07A95999-F82F-4ED4-A4E2-626206E3A32D}.Debug|x64.ActiveCfg = Debug|Any CPU
		{07A95999-F82F-4ED4-A4E2-626206E3A32D}.Debug|x64.Build.0 = Debug|Any CPU
		{07A95999-F82F-4ED4-A4E2-626206E3A32D}.Debug|x86.ActiveCfg = Debug|Any CPU
		{07A95999-F82F-4ED4-A4E2-626206E3A32D}.Debug|x86.Build.0 = Debug|Any CPU
		{07A95999-F82F-4ED4-A4E2-626206E3A32D}.Release|Any CPU.ActiveCfg = Release|Any CPU
		{07A95999-F82F-4ED4-A4E2-626206E3A32D}.Release|Any CPU.Build.0 = Release|Any CPU
		{07A95999-F82F-4ED4-A4E2-626206E3A32D}.Release|x64.ActiveCfg = Release|Any CPU
		{07A95999-F82F-4ED4-A4E2-626206E3A32D}.Release|x64.Build.0 = Release|Any CPU
		{07A95999-F82F-4ED4-A4E2-626206E3A32D}.Release|x86.ActiveCfg = Release|Any CPU
		{07A95999-F82F-4ED4-A4E2-626206E3A32D}.Release|x86.Build.0 = Release|Any CPU
		{6609998E-7846-4E59-A3A2-27ABF5953199}.Debug|Any CPU.ActiveCfg = Debug|Any CPU
		{6609998E-7846-4E59-A3A2-27ABF5953199}.Debug|Any CPU.Build.0 = Debug|Any CPU
		{6609998E-7846-4E59-A3A2-27ABF5953199}.Debug|x64.ActiveCfg = Debug|Any CPU
		{6609998E-7846-4E59-A3A2-27ABF5953199}.Debug|x64.Build.0 = Debug|Any CPU
		{6609998E-7846-4E59-A3A2-27ABF5953199}.Debug|x86.ActiveCfg = Debug|Any CPU
		{6609998E-7846-4E59-A3A2-27ABF5953199}.Debug|x86.Build.0 = Debug|Any CPU
		{6609998E-7846-4E59-A3A2-27ABF5953199}.Release|Any CPU.ActiveCfg = Release|Any CPU
		{6609998E-7846-4E59-A3A2-27ABF5953199}.Release|Any CPU.Build.0 = Release|Any CPU
		{6609998E-7846-4E59-A3A2-27ABF5953199}.Release|x64.ActiveCfg = Release|Any CPU
		{6609998E-7846-4E59-A3A2-27ABF5953199}.Release|x64.Build.0 = Release|Any CPU
		{6609998E-7846-4E59-A3A2-27ABF5953199}.Release|x86.ActiveCfg = Release|Any CPU
		{6609998E-7846-4E59-A3A2-27ABF5953199}.Release|x86.Build.0 = Release|Any CPU
		{229749DD-BC6E-4E34-9D8C-7B323DE762C5}.Debug|Any CPU.ActiveCfg = Debug|Any CPU
		{229749DD-BC6E-4E34-9D8C-7B323DE762C5}.Debug|Any CPU.Build.0 = Debug|Any CPU
		{229749DD-BC6E-4E34-9D8C-7B323DE762C5}.Debug|x64.ActiveCfg = Debug|Any CPU
		{229749DD-BC6E-4E34-9D8C-7B323DE762C5}.Debug|x64.Build.0 = Debug|Any CPU
		{229749DD-BC6E-4E34-9D8C-7B323DE762C5}.Debug|x86.ActiveCfg = Debug|Any CPU
		{229749DD-BC6E-4E34-9D8C-7B323DE762C5}.Debug|x86.Build.0 = Debug|Any CPU
		{229749DD-BC6E-4E34-9D8C-7B323DE762C5}.Release|Any CPU.ActiveCfg = Release|Any CPU
		{229749DD-BC6E-4E34-9D8C-7B323DE762C5}.Release|Any CPU.Build.0 = Release|Any CPU
		{229749DD-BC6E-4E34-9D8C-7B323DE762C5}.Release|x64.ActiveCfg = Release|Any CPU
		{229749DD-BC6E-4E34-9D8C-7B323DE762C5}.Release|x64.Build.0 = Release|Any CPU
		{229749DD-BC6E-4E34-9D8C-7B323DE762C5}.Release|x86.ActiveCfg = Release|Any CPU
		{229749DD-BC6E-4E34-9D8C-7B323DE762C5}.Release|x86.Build.0 = Release|Any CPU
		{8CB8B9F8-2FA3-494B-BB69-341DA9930B26}.Debug|Any CPU.ActiveCfg = Debug|Any CPU
		{8CB8B9F8-2FA3-494B-BB69-341DA9930B26}.Debug|Any CPU.Build.0 = Debug|Any CPU
		{8CB8B9F8-2FA3-494B-BB69-341DA9930B26}.Debug|x64.ActiveCfg = Debug|Any CPU
		{8CB8B9F8-2FA3-494B-BB69-341DA9930B26}.Debug|x64.Build.0 = Debug|Any CPU
		{8CB8B9F8-2FA3-494B-BB69-341DA9930B26}.Debug|x86.ActiveCfg = Debug|Any CPU
		{8CB8B9F8-2FA3-494B-BB69-341DA9930B26}.Debug|x86.Build.0 = Debug|Any CPU
		{8CB8B9F8-2FA3-494B-BB69-341DA9930B26}.Release|Any CPU.ActiveCfg = Release|Any CPU
		{8CB8B9F8-2FA3-494B-BB69-341DA9930B26}.Release|Any CPU.Build.0 = Release|Any CPU
		{8CB8B9F8-2FA3-494B-BB69-341DA9930B26}.Release|x64.ActiveCfg = Release|Any CPU
		{8CB8B9F8-2FA3-494B-BB69-341DA9930B26}.Release|x64.Build.0 = Release|Any CPU
		{8CB8B9F8-2FA3-494B-BB69-341DA9930B26}.Release|x86.ActiveCfg = Release|Any CPU
		{8CB8B9F8-2FA3-494B-BB69-341DA9930B26}.Release|x86.Build.0 = Release|Any CPU
		{787CDF2E-2B2E-449F-9616-498E83471F9B}.Debug|Any CPU.ActiveCfg = Debug|Any CPU
		{787CDF2E-2B2E-449F-9616-498E83471F9B}.Debug|Any CPU.Build.0 = Debug|Any CPU
		{787CDF2E-2B2E-449F-9616-498E83471F9B}.Debug|x64.ActiveCfg = Debug|Any CPU
		{787CDF2E-2B2E-449F-9616-498E83471F9B}.Debug|x64.Build.0 = Debug|Any CPU
		{787CDF2E-2B2E-449F-9616-498E83471F9B}.Debug|x86.ActiveCfg = Debug|Any CPU
		{787CDF2E-2B2E-449F-9616-498E83471F9B}.Debug|x86.Build.0 = Debug|Any CPU
		{787CDF2E-2B2E-449F-9616-498E83471F9B}.Release|Any CPU.ActiveCfg = Release|Any CPU
		{787CDF2E-2B2E-449F-9616-498E83471F9B}.Release|Any CPU.Build.0 = Release|Any CPU
		{787CDF2E-2B2E-449F-9616-498E83471F9B}.Release|x64.ActiveCfg = Release|Any CPU
		{787CDF2E-2B2E-449F-9616-498E83471F9B}.Release|x64.Build.0 = Release|Any CPU
		{787CDF2E-2B2E-449F-9616-498E83471F9B}.Release|x86.ActiveCfg = Release|Any CPU
		{787CDF2E-2B2E-449F-9616-498E83471F9B}.Release|x86.Build.0 = Release|Any CPU
		{A8D9E8DC-0ED2-4B3B-BDA1-DCB6C451CE63}.Debug|Any CPU.ActiveCfg = Debug|Any CPU
		{A8D9E8DC-0ED2-4B3B-BDA1-DCB6C451CE63}.Debug|Any CPU.Build.0 = Debug|Any CPU
		{A8D9E8DC-0ED2-4B3B-BDA1-DCB6C451CE63}.Debug|x64.ActiveCfg = Debug|Any CPU
		{A8D9E8DC-0ED2-4B3B-BDA1-DCB6C451CE63}.Debug|x64.Build.0 = Debug|Any CPU
		{A8D9E8DC-0ED2-4B3B-BDA1-DCB6C451CE63}.Debug|x86.ActiveCfg = Debug|Any CPU
		{A8D9E8DC-0ED2-4B3B-BDA1-DCB6C451CE63}.Debug|x86.Build.0 = Debug|Any CPU
		{A8D9E8DC-0ED2-4B3B-BDA1-DCB6C451CE63}.Release|Any CPU.ActiveCfg = Release|Any CPU
		{A8D9E8DC-0ED2-4B3B-BDA1-DCB6C451CE63}.Release|Any CPU.Build.0 = Release|Any CPU
		{A8D9E8DC-0ED2-4B3B-BDA1-DCB6C451CE63}.Release|x64.ActiveCfg = Release|Any CPU
		{A8D9E8DC-0ED2-4B3B-BDA1-DCB6C451CE63}.Release|x64.Build.0 = Release|Any CPU
		{A8D9E8DC-0ED2-4B3B-BDA1-DCB6C451CE63}.Release|x86.ActiveCfg = Release|Any CPU
		{A8D9E8DC-0ED2-4B3B-BDA1-DCB6C451CE63}.Release|x86.Build.0 = Release|Any CPU
		{AF7E086F-4BAA-4B2C-B217-31667FB3FBEB}.Debug|Any CPU.ActiveCfg = Debug|Any CPU
		{AF7E086F-4BAA-4B2C-B217-31667FB3FBEB}.Debug|Any CPU.Build.0 = Debug|Any CPU
		{AF7E086F-4BAA-4B2C-B217-31667FB3FBEB}.Debug|x64.ActiveCfg = Debug|Any CPU
		{AF7E086F-4BAA-4B2C-B217-31667FB3FBEB}.Debug|x64.Build.0 = Debug|Any CPU
		{AF7E086F-4BAA-4B2C-B217-31667FB3FBEB}.Debug|x86.ActiveCfg = Debug|Any CPU
		{AF7E086F-4BAA-4B2C-B217-31667FB3FBEB}.Debug|x86.Build.0 = Debug|Any CPU
		{AF7E086F-4BAA-4B2C-B217-31667FB3FBEB}.Release|Any CPU.ActiveCfg = Release|Any CPU
		{AF7E086F-4BAA-4B2C-B217-31667FB3FBEB}.Release|Any CPU.Build.0 = Release|Any CPU
		{AF7E086F-4BAA-4B2C-B217-31667FB3FBEB}.Release|x64.ActiveCfg = Release|Any CPU
		{AF7E086F-4BAA-4B2C-B217-31667FB3FBEB}.Release|x64.Build.0 = Release|Any CPU
		{AF7E086F-4BAA-4B2C-B217-31667FB3FBEB}.Release|x86.ActiveCfg = Release|Any CPU
		{AF7E086F-4BAA-4B2C-B217-31667FB3FBEB}.Release|x86.Build.0 = Release|Any CPU
		{12ACF7FD-ADB0-46E6-8C85-A475437D4329}.Debug|Any CPU.ActiveCfg = Debug|Any CPU
		{12ACF7FD-ADB0-46E6-8C85-A475437D4329}.Debug|Any CPU.Build.0 = Debug|Any CPU
		{12ACF7FD-ADB0-46E6-8C85-A475437D4329}.Debug|x64.ActiveCfg = Debug|Any CPU
		{12ACF7FD-ADB0-46E6-8C85-A475437D4329}.Debug|x64.Build.0 = Debug|Any CPU
		{12ACF7FD-ADB0-46E6-8C85-A475437D4329}.Debug|x86.ActiveCfg = Debug|Any CPU
		{12ACF7FD-ADB0-46E6-8C85-A475437D4329}.Debug|x86.Build.0 = Debug|Any CPU
		{12ACF7FD-ADB0-46E6-8C85-A475437D4329}.Release|Any CPU.ActiveCfg = Release|Any CPU
		{12ACF7FD-ADB0-46E6-8C85-A475437D4329}.Release|Any CPU.Build.0 = Release|Any CPU
		{12ACF7FD-ADB0-46E6-8C85-A475437D4329}.Release|x64.ActiveCfg = Release|Any CPU
		{12ACF7FD-ADB0-46E6-8C85-A475437D4329}.Release|x64.Build.0 = Release|Any CPU
		{12ACF7FD-ADB0-46E6-8C85-A475437D4329}.Release|x86.ActiveCfg = Release|Any CPU
		{12ACF7FD-ADB0-46E6-8C85-A475437D4329}.Release|x86.Build.0 = Release|Any CPU
		{14F44A7C-D26F-45AF-A411-D9F8AD688195}.Debug|Any CPU.ActiveCfg = Debug|Any CPU
		{14F44A7C-D26F-45AF-A411-D9F8AD688195}.Debug|Any CPU.Build.0 = Debug|Any CPU
		{14F44A7C-D26F-45AF-A411-D9F8AD688195}.Debug|x64.ActiveCfg = Debug|Any CPU
		{14F44A7C-D26F-45AF-A411-D9F8AD688195}.Debug|x64.Build.0 = Debug|Any CPU
		{14F44A7C-D26F-45AF-A411-D9F8AD688195}.Debug|x86.ActiveCfg = Debug|Any CPU
		{14F44A7C-D26F-45AF-A411-D9F8AD688195}.Debug|x86.Build.0 = Debug|Any CPU
		{14F44A7C-D26F-45AF-A411-D9F8AD688195}.Release|Any CPU.ActiveCfg = Release|Any CPU
		{14F44A7C-D26F-45AF-A411-D9F8AD688195}.Release|Any CPU.Build.0 = Release|Any CPU
		{14F44A7C-D26F-45AF-A411-D9F8AD688195}.Release|x64.ActiveCfg = Release|Any CPU
		{14F44A7C-D26F-45AF-A411-D9F8AD688195}.Release|x64.Build.0 = Release|Any CPU
		{14F44A7C-D26F-45AF-A411-D9F8AD688195}.Release|x86.ActiveCfg = Release|Any CPU
		{14F44A7C-D26F-45AF-A411-D9F8AD688195}.Release|x86.Build.0 = Release|Any CPU
		{79479CFA-4532-4E42-8415-948FDE8E2F1C}.Debug|Any CPU.ActiveCfg = Debug|Any CPU
		{79479CFA-4532-4E42-8415-948FDE8E2F1C}.Debug|Any CPU.Build.0 = Debug|Any CPU
		{79479CFA-4532-4E42-8415-948FDE8E2F1C}.Debug|x64.ActiveCfg = Debug|Any CPU
		{79479CFA-4532-4E42-8415-948FDE8E2F1C}.Debug|x64.Build.0 = Debug|Any CPU
		{79479CFA-4532-4E42-8415-948FDE8E2F1C}.Debug|x86.ActiveCfg = Debug|Any CPU
		{79479CFA-4532-4E42-8415-948FDE8E2F1C}.Debug|x86.Build.0 = Debug|Any CPU
		{79479CFA-4532-4E42-8415-948FDE8E2F1C}.Release|Any CPU.ActiveCfg = Release|Any CPU
		{79479CFA-4532-4E42-8415-948FDE8E2F1C}.Release|Any CPU.Build.0 = Release|Any CPU
		{79479CFA-4532-4E42-8415-948FDE8E2F1C}.Release|x64.ActiveCfg = Release|Any CPU
		{79479CFA-4532-4E42-8415-948FDE8E2F1C}.Release|x64.Build.0 = Release|Any CPU
		{79479CFA-4532-4E42-8415-948FDE8E2F1C}.Release|x86.ActiveCfg = Release|Any CPU
		{79479CFA-4532-4E42-8415-948FDE8E2F1C}.Release|x86.Build.0 = Release|Any CPU
		{B5FC13F1-DF1C-4FF2-B3FE-22B556857D99}.Debug|Any CPU.ActiveCfg = Debug|Any CPU
		{B5FC13F1-DF1C-4FF2-B3FE-22B556857D99}.Debug|Any CPU.Build.0 = Debug|Any CPU
		{B5FC13F1-DF1C-4FF2-B3FE-22B556857D99}.Debug|x64.ActiveCfg = Debug|Any CPU
		{B5FC13F1-DF1C-4FF2-B3FE-22B556857D99}.Debug|x64.Build.0 = Debug|Any CPU
		{B5FC13F1-DF1C-4FF2-B3FE-22B556857D99}.Debug|x86.ActiveCfg = Debug|Any CPU
		{B5FC13F1-DF1C-4FF2-B3FE-22B556857D99}.Debug|x86.Build.0 = Debug|Any CPU
		{B5FC13F1-DF1C-4FF2-B3FE-22B556857D99}.Release|Any CPU.ActiveCfg = Release|Any CPU
		{B5FC13F1-DF1C-4FF2-B3FE-22B556857D99}.Release|Any CPU.Build.0 = Release|Any CPU
		{B5FC13F1-DF1C-4FF2-B3FE-22B556857D99}.Release|x64.ActiveCfg = Release|Any CPU
		{B5FC13F1-DF1C-4FF2-B3FE-22B556857D99}.Release|x64.Build.0 = Release|Any CPU
		{B5FC13F1-DF1C-4FF2-B3FE-22B556857D99}.Release|x86.ActiveCfg = Release|Any CPU
		{B5FC13F1-DF1C-4FF2-B3FE-22B556857D99}.Release|x86.Build.0 = Release|Any CPU
		{D04B495A-642F-49BE-9091-AC91064F0903}.Debug|Any CPU.ActiveCfg = Debug|Any CPU
		{D04B495A-642F-49BE-9091-AC91064F0903}.Debug|Any CPU.Build.0 = Debug|Any CPU
		{D04B495A-642F-49BE-9091-AC91064F0903}.Debug|x64.ActiveCfg = Debug|Any CPU
		{D04B495A-642F-49BE-9091-AC91064F0903}.Debug|x64.Build.0 = Debug|Any CPU
		{D04B495A-642F-49BE-9091-AC91064F0903}.Debug|x86.ActiveCfg = Debug|Any CPU
		{D04B495A-642F-49BE-9091-AC91064F0903}.Debug|x86.Build.0 = Debug|Any CPU
		{D04B495A-642F-49BE-9091-AC91064F0903}.Release|Any CPU.ActiveCfg = Release|Any CPU
		{D04B495A-642F-49BE-9091-AC91064F0903}.Release|Any CPU.Build.0 = Release|Any CPU
		{D04B495A-642F-49BE-9091-AC91064F0903}.Release|x64.ActiveCfg = Release|Any CPU
		{D04B495A-642F-49BE-9091-AC91064F0903}.Release|x64.Build.0 = Release|Any CPU
		{D04B495A-642F-49BE-9091-AC91064F0903}.Release|x86.ActiveCfg = Release|Any CPU
		{D04B495A-642F-49BE-9091-AC91064F0903}.Release|x86.Build.0 = Release|Any CPU
		{E940907A-47E6-40FF-AA7B-540E529A487F}.Debug|Any CPU.ActiveCfg = Debug|Any CPU
		{E940907A-47E6-40FF-AA7B-540E529A487F}.Debug|Any CPU.Build.0 = Debug|Any CPU
		{E940907A-47E6-40FF-AA7B-540E529A487F}.Debug|x64.ActiveCfg = Debug|Any CPU
		{E940907A-47E6-40FF-AA7B-540E529A487F}.Debug|x64.Build.0 = Debug|Any CPU
		{E940907A-47E6-40FF-AA7B-540E529A487F}.Debug|x86.ActiveCfg = Debug|Any CPU
		{E940907A-47E6-40FF-AA7B-540E529A487F}.Debug|x86.Build.0 = Debug|Any CPU
		{E940907A-47E6-40FF-AA7B-540E529A487F}.Release|Any CPU.ActiveCfg = Release|Any CPU
		{E940907A-47E6-40FF-AA7B-540E529A487F}.Release|Any CPU.Build.0 = Release|Any CPU
		{E940907A-47E6-40FF-AA7B-540E529A487F}.Release|x64.ActiveCfg = Release|Any CPU
		{E940907A-47E6-40FF-AA7B-540E529A487F}.Release|x64.Build.0 = Release|Any CPU
		{E940907A-47E6-40FF-AA7B-540E529A487F}.Release|x86.ActiveCfg = Release|Any CPU
		{E940907A-47E6-40FF-AA7B-540E529A487F}.Release|x86.Build.0 = Release|Any CPU
		{FA144508-099A-4614-A6AB-DD70563E2540}.Debug|Any CPU.ActiveCfg = Debug|Any CPU
		{FA144508-099A-4614-A6AB-DD70563E2540}.Debug|Any CPU.Build.0 = Debug|Any CPU
		{FA144508-099A-4614-A6AB-DD70563E2540}.Debug|x64.ActiveCfg = Debug|Any CPU
		{FA144508-099A-4614-A6AB-DD70563E2540}.Debug|x64.Build.0 = Debug|Any CPU
		{FA144508-099A-4614-A6AB-DD70563E2540}.Debug|x86.ActiveCfg = Debug|Any CPU
		{FA144508-099A-4614-A6AB-DD70563E2540}.Debug|x86.Build.0 = Debug|Any CPU
		{FA144508-099A-4614-A6AB-DD70563E2540}.Release|Any CPU.ActiveCfg = Release|Any CPU
		{FA144508-099A-4614-A6AB-DD70563E2540}.Release|Any CPU.Build.0 = Release|Any CPU
		{FA144508-099A-4614-A6AB-DD70563E2540}.Release|x64.ActiveCfg = Release|Any CPU
		{FA144508-099A-4614-A6AB-DD70563E2540}.Release|x64.Build.0 = Release|Any CPU
		{FA144508-099A-4614-A6AB-DD70563E2540}.Release|x86.ActiveCfg = Release|Any CPU
		{FA144508-099A-4614-A6AB-DD70563E2540}.Release|x86.Build.0 = Release|Any CPU
		{EE267DC9-F9A7-4466-9F28-221597EC79CE}.Debug|Any CPU.ActiveCfg = Debug|Any CPU
		{EE267DC9-F9A7-4466-9F28-221597EC79CE}.Debug|Any CPU.Build.0 = Debug|Any CPU
		{EE267DC9-F9A7-4466-9F28-221597EC79CE}.Debug|x64.ActiveCfg = Debug|Any CPU
		{EE267DC9-F9A7-4466-9F28-221597EC79CE}.Debug|x64.Build.0 = Debug|Any CPU
		{EE267DC9-F9A7-4466-9F28-221597EC79CE}.Debug|x86.ActiveCfg = Debug|Any CPU
		{EE267DC9-F9A7-4466-9F28-221597EC79CE}.Debug|x86.Build.0 = Debug|Any CPU
		{EE267DC9-F9A7-4466-9F28-221597EC79CE}.Release|Any CPU.ActiveCfg = Release|Any CPU
		{EE267DC9-F9A7-4466-9F28-221597EC79CE}.Release|Any CPU.Build.0 = Release|Any CPU
		{EE267DC9-F9A7-4466-9F28-221597EC79CE}.Release|x64.ActiveCfg = Release|Any CPU
		{EE267DC9-F9A7-4466-9F28-221597EC79CE}.Release|x64.Build.0 = Release|Any CPU
		{EE267DC9-F9A7-4466-9F28-221597EC79CE}.Release|x86.ActiveCfg = Release|Any CPU
		{EE267DC9-F9A7-4466-9F28-221597EC79CE}.Release|x86.Build.0 = Release|Any CPU
		{6F3710B3-2CFD-4DE5-85ED-B42A2E9132D6}.Debug|Any CPU.ActiveCfg = Debug|Any CPU
		{6F3710B3-2CFD-4DE5-85ED-B42A2E9132D6}.Debug|Any CPU.Build.0 = Debug|Any CPU
		{6F3710B3-2CFD-4DE5-85ED-B42A2E9132D6}.Debug|x64.ActiveCfg = Debug|Any CPU
		{6F3710B3-2CFD-4DE5-85ED-B42A2E9132D6}.Debug|x64.Build.0 = Debug|Any CPU
		{6F3710B3-2CFD-4DE5-85ED-B42A2E9132D6}.Debug|x86.ActiveCfg = Debug|Any CPU
		{6F3710B3-2CFD-4DE5-85ED-B42A2E9132D6}.Debug|x86.Build.0 = Debug|Any CPU
		{6F3710B3-2CFD-4DE5-85ED-B42A2E9132D6}.Release|Any CPU.ActiveCfg = Release|Any CPU
		{6F3710B3-2CFD-4DE5-85ED-B42A2E9132D6}.Release|Any CPU.Build.0 = Release|Any CPU
		{6F3710B3-2CFD-4DE5-85ED-B42A2E9132D6}.Release|x64.ActiveCfg = Release|Any CPU
		{6F3710B3-2CFD-4DE5-85ED-B42A2E9132D6}.Release|x64.Build.0 = Release|Any CPU
		{6F3710B3-2CFD-4DE5-85ED-B42A2E9132D6}.Release|x86.ActiveCfg = Release|Any CPU
		{6F3710B3-2CFD-4DE5-85ED-B42A2E9132D6}.Release|x86.Build.0 = Release|Any CPU
		{0CFD09FA-3124-4866-BEB3-EF1E4F26C021}.Debug|Any CPU.ActiveCfg = Debug|Any CPU
		{0CFD09FA-3124-4866-BEB3-EF1E4F26C021}.Debug|Any CPU.Build.0 = Debug|Any CPU
		{0CFD09FA-3124-4866-BEB3-EF1E4F26C021}.Debug|x64.ActiveCfg = Debug|Any CPU
		{0CFD09FA-3124-4866-BEB3-EF1E4F26C021}.Debug|x64.Build.0 = Debug|Any CPU
		{0CFD09FA-3124-4866-BEB3-EF1E4F26C021}.Debug|x86.ActiveCfg = Debug|Any CPU
		{0CFD09FA-3124-4866-BEB3-EF1E4F26C021}.Debug|x86.Build.0 = Debug|Any CPU
		{0CFD09FA-3124-4866-BEB3-EF1E4F26C021}.Release|Any CPU.ActiveCfg = Release|Any CPU
		{0CFD09FA-3124-4866-BEB3-EF1E4F26C021}.Release|Any CPU.Build.0 = Release|Any CPU
		{0CFD09FA-3124-4866-BEB3-EF1E4F26C021}.Release|x64.ActiveCfg = Release|Any CPU
		{0CFD09FA-3124-4866-BEB3-EF1E4F26C021}.Release|x64.Build.0 = Release|Any CPU
		{0CFD09FA-3124-4866-BEB3-EF1E4F26C021}.Release|x86.ActiveCfg = Release|Any CPU
		{0CFD09FA-3124-4866-BEB3-EF1E4F26C021}.Release|x86.Build.0 = Release|Any CPU
		{F6C03868-217F-42C4-9E0E-5C70E6671A5D}.Debug|Any CPU.ActiveCfg = Debug|Any CPU
		{F6C03868-217F-42C4-9E0E-5C70E6671A5D}.Debug|Any CPU.Build.0 = Debug|Any CPU
		{F6C03868-217F-42C4-9E0E-5C70E6671A5D}.Debug|x64.ActiveCfg = Debug|Any CPU
		{F6C03868-217F-42C4-9E0E-5C70E6671A5D}.Debug|x64.Build.0 = Debug|Any CPU
		{F6C03868-217F-42C4-9E0E-5C70E6671A5D}.Debug|x86.ActiveCfg = Debug|Any CPU
		{F6C03868-217F-42C4-9E0E-5C70E6671A5D}.Debug|x86.Build.0 = Debug|Any CPU
		{F6C03868-217F-42C4-9E0E-5C70E6671A5D}.Release|Any CPU.ActiveCfg = Release|Any CPU
		{F6C03868-217F-42C4-9E0E-5C70E6671A5D}.Release|Any CPU.Build.0 = Release|Any CPU
		{F6C03868-217F-42C4-9E0E-5C70E6671A5D}.Release|x64.ActiveCfg = Release|Any CPU
		{F6C03868-217F-42C4-9E0E-5C70E6671A5D}.Release|x64.Build.0 = Release|Any CPU
		{F6C03868-217F-42C4-9E0E-5C70E6671A5D}.Release|x86.ActiveCfg = Release|Any CPU
		{F6C03868-217F-42C4-9E0E-5C70E6671A5D}.Release|x86.Build.0 = Release|Any CPU
		{A7139365-71C2-4CE1-BBC0-B832B919B508}.Debug|Any CPU.ActiveCfg = Debug|Any CPU
		{A7139365-71C2-4CE1-BBC0-B832B919B508}.Debug|Any CPU.Build.0 = Debug|Any CPU
		{A7139365-71C2-4CE1-BBC0-B832B919B508}.Debug|x64.ActiveCfg = Debug|Any CPU
		{A7139365-71C2-4CE1-BBC0-B832B919B508}.Debug|x64.Build.0 = Debug|Any CPU
		{A7139365-71C2-4CE1-BBC0-B832B919B508}.Debug|x86.ActiveCfg = Debug|Any CPU
		{A7139365-71C2-4CE1-BBC0-B832B919B508}.Debug|x86.Build.0 = Debug|Any CPU
		{A7139365-71C2-4CE1-BBC0-B832B919B508}.Release|Any CPU.ActiveCfg = Release|Any CPU
		{A7139365-71C2-4CE1-BBC0-B832B919B508}.Release|Any CPU.Build.0 = Release|Any CPU
		{A7139365-71C2-4CE1-BBC0-B832B919B508}.Release|x64.ActiveCfg = Release|Any CPU
		{A7139365-71C2-4CE1-BBC0-B832B919B508}.Release|x64.Build.0 = Release|Any CPU
		{A7139365-71C2-4CE1-BBC0-B832B919B508}.Release|x86.ActiveCfg = Release|Any CPU
		{A7139365-71C2-4CE1-BBC0-B832B919B508}.Release|x86.Build.0 = Release|Any CPU
		{590ABA27-3A68-436D-87CD-00D849DD9264}.Debug|Any CPU.ActiveCfg = Debug|Any CPU
		{590ABA27-3A68-436D-87CD-00D849DD9264}.Debug|Any CPU.Build.0 = Debug|Any CPU
		{590ABA27-3A68-436D-87CD-00D849DD9264}.Debug|x64.ActiveCfg = Debug|Any CPU
		{590ABA27-3A68-436D-87CD-00D849DD9264}.Debug|x64.Build.0 = Debug|Any CPU
		{590ABA27-3A68-436D-87CD-00D849DD9264}.Debug|x86.ActiveCfg = Debug|Any CPU
		{590ABA27-3A68-436D-87CD-00D849DD9264}.Debug|x86.Build.0 = Debug|Any CPU
		{590ABA27-3A68-436D-87CD-00D849DD9264}.Release|Any CPU.ActiveCfg = Release|Any CPU
		{590ABA27-3A68-436D-87CD-00D849DD9264}.Release|Any CPU.Build.0 = Release|Any CPU
		{590ABA27-3A68-436D-87CD-00D849DD9264}.Release|x64.ActiveCfg = Release|Any CPU
		{590ABA27-3A68-436D-87CD-00D849DD9264}.Release|x64.Build.0 = Release|Any CPU
		{590ABA27-3A68-436D-87CD-00D849DD9264}.Release|x86.ActiveCfg = Release|Any CPU
		{590ABA27-3A68-436D-87CD-00D849DD9264}.Release|x86.Build.0 = Release|Any CPU
		{A02990A6-CC3B-4E50-BF4E-2500DA1E2E7F}.Debug|Any CPU.ActiveCfg = Debug|Any CPU
		{A02990A6-CC3B-4E50-BF4E-2500DA1E2E7F}.Debug|Any CPU.Build.0 = Debug|Any CPU
		{A02990A6-CC3B-4E50-BF4E-2500DA1E2E7F}.Debug|x64.ActiveCfg = Debug|Any CPU
		{A02990A6-CC3B-4E50-BF4E-2500DA1E2E7F}.Debug|x64.Build.0 = Debug|Any CPU
		{A02990A6-CC3B-4E50-BF4E-2500DA1E2E7F}.Debug|x86.ActiveCfg = Debug|Any CPU
		{A02990A6-CC3B-4E50-BF4E-2500DA1E2E7F}.Debug|x86.Build.0 = Debug|Any CPU
		{A02990A6-CC3B-4E50-BF4E-2500DA1E2E7F}.Release|Any CPU.ActiveCfg = Release|Any CPU
		{A02990A6-CC3B-4E50-BF4E-2500DA1E2E7F}.Release|Any CPU.Build.0 = Release|Any CPU
		{A02990A6-CC3B-4E50-BF4E-2500DA1E2E7F}.Release|x64.ActiveCfg = Release|Any CPU
		{A02990A6-CC3B-4E50-BF4E-2500DA1E2E7F}.Release|x64.Build.0 = Release|Any CPU
		{A02990A6-CC3B-4E50-BF4E-2500DA1E2E7F}.Release|x86.ActiveCfg = Release|Any CPU
		{A02990A6-CC3B-4E50-BF4E-2500DA1E2E7F}.Release|x86.Build.0 = Release|Any CPU
		{62ADBC4B-E406-471F-A908-9D608DEC4DC5}.Debug|Any CPU.ActiveCfg = Debug|Any CPU
		{62ADBC4B-E406-471F-A908-9D608DEC4DC5}.Debug|Any CPU.Build.0 = Debug|Any CPU
		{62ADBC4B-E406-471F-A908-9D608DEC4DC5}.Debug|x64.ActiveCfg = Debug|Any CPU
		{62ADBC4B-E406-471F-A908-9D608DEC4DC5}.Debug|x64.Build.0 = Debug|Any CPU
		{62ADBC4B-E406-471F-A908-9D608DEC4DC5}.Debug|x86.ActiveCfg = Debug|Any CPU
		{62ADBC4B-E406-471F-A908-9D608DEC4DC5}.Debug|x86.Build.0 = Debug|Any CPU
		{62ADBC4B-E406-471F-A908-9D608DEC4DC5}.Release|Any CPU.ActiveCfg = Release|Any CPU
		{62ADBC4B-E406-471F-A908-9D608DEC4DC5}.Release|Any CPU.Build.0 = Release|Any CPU
		{62ADBC4B-E406-471F-A908-9D608DEC4DC5}.Release|x64.ActiveCfg = Release|Any CPU
		{62ADBC4B-E406-471F-A908-9D608DEC4DC5}.Release|x64.Build.0 = Release|Any CPU
		{62ADBC4B-E406-471F-A908-9D608DEC4DC5}.Release|x86.ActiveCfg = Release|Any CPU
		{62ADBC4B-E406-471F-A908-9D608DEC4DC5}.Release|x86.Build.0 = Release|Any CPU
		{512D0475-E913-48D6-8788-E8525B737E9E}.Debug|Any CPU.ActiveCfg = Debug|Any CPU
		{512D0475-E913-48D6-8788-E8525B737E9E}.Debug|Any CPU.Build.0 = Debug|Any CPU
		{512D0475-E913-48D6-8788-E8525B737E9E}.Debug|x64.ActiveCfg = Debug|Any CPU
		{512D0475-E913-48D6-8788-E8525B737E9E}.Debug|x64.Build.0 = Debug|Any CPU
		{512D0475-E913-48D6-8788-E8525B737E9E}.Debug|x86.ActiveCfg = Debug|Any CPU
		{512D0475-E913-48D6-8788-E8525B737E9E}.Debug|x86.Build.0 = Debug|Any CPU
		{512D0475-E913-48D6-8788-E8525B737E9E}.Release|Any CPU.ActiveCfg = Release|Any CPU
		{512D0475-E913-48D6-8788-E8525B737E9E}.Release|Any CPU.Build.0 = Release|Any CPU
		{512D0475-E913-48D6-8788-E8525B737E9E}.Release|x64.ActiveCfg = Release|Any CPU
		{512D0475-E913-48D6-8788-E8525B737E9E}.Release|x64.Build.0 = Release|Any CPU
		{512D0475-E913-48D6-8788-E8525B737E9E}.Release|x86.ActiveCfg = Release|Any CPU
		{512D0475-E913-48D6-8788-E8525B737E9E}.Release|x86.Build.0 = Release|Any CPU
		{CE770D10-54A1-43B1-8660-06FAFC478DAA}.Debug|Any CPU.ActiveCfg = Debug|Any CPU
		{CE770D10-54A1-43B1-8660-06FAFC478DAA}.Debug|Any CPU.Build.0 = Debug|Any CPU
		{CE770D10-54A1-43B1-8660-06FAFC478DAA}.Debug|x64.ActiveCfg = Debug|Any CPU
		{CE770D10-54A1-43B1-8660-06FAFC478DAA}.Debug|x64.Build.0 = Debug|Any CPU
		{CE770D10-54A1-43B1-8660-06FAFC478DAA}.Debug|x86.ActiveCfg = Debug|Any CPU
		{CE770D10-54A1-43B1-8660-06FAFC478DAA}.Debug|x86.Build.0 = Debug|Any CPU
		{CE770D10-54A1-43B1-8660-06FAFC478DAA}.Release|Any CPU.ActiveCfg = Release|Any CPU
		{CE770D10-54A1-43B1-8660-06FAFC478DAA}.Release|Any CPU.Build.0 = Release|Any CPU
		{CE770D10-54A1-43B1-8660-06FAFC478DAA}.Release|x64.ActiveCfg = Release|Any CPU
		{CE770D10-54A1-43B1-8660-06FAFC478DAA}.Release|x64.Build.0 = Release|Any CPU
		{CE770D10-54A1-43B1-8660-06FAFC478DAA}.Release|x86.ActiveCfg = Release|Any CPU
		{CE770D10-54A1-43B1-8660-06FAFC478DAA}.Release|x86.Build.0 = Release|Any CPU
		{9089E764-EC21-4E0B-8DBF-13474F471BDD}.Debug|Any CPU.ActiveCfg = Debug|Any CPU
		{9089E764-EC21-4E0B-8DBF-13474F471BDD}.Debug|Any CPU.Build.0 = Debug|Any CPU
		{9089E764-EC21-4E0B-8DBF-13474F471BDD}.Debug|x64.ActiveCfg = Debug|Any CPU
		{9089E764-EC21-4E0B-8DBF-13474F471BDD}.Debug|x64.Build.0 = Debug|Any CPU
		{9089E764-EC21-4E0B-8DBF-13474F471BDD}.Debug|x86.ActiveCfg = Debug|Any CPU
		{9089E764-EC21-4E0B-8DBF-13474F471BDD}.Debug|x86.Build.0 = Debug|Any CPU
		{9089E764-EC21-4E0B-8DBF-13474F471BDD}.Release|Any CPU.ActiveCfg = Release|Any CPU
		{9089E764-EC21-4E0B-8DBF-13474F471BDD}.Release|Any CPU.Build.0 = Release|Any CPU
		{9089E764-EC21-4E0B-8DBF-13474F471BDD}.Release|x64.ActiveCfg = Release|Any CPU
		{9089E764-EC21-4E0B-8DBF-13474F471BDD}.Release|x64.Build.0 = Release|Any CPU
		{9089E764-EC21-4E0B-8DBF-13474F471BDD}.Release|x86.ActiveCfg = Release|Any CPU
		{9089E764-EC21-4E0B-8DBF-13474F471BDD}.Release|x86.Build.0 = Release|Any CPU
		{AD25C3FE-56AC-4E37-933A-4D23BB888BDA}.Debug|Any CPU.ActiveCfg = Debug|Any CPU
		{AD25C3FE-56AC-4E37-933A-4D23BB888BDA}.Debug|Any CPU.Build.0 = Debug|Any CPU
		{AD25C3FE-56AC-4E37-933A-4D23BB888BDA}.Debug|x64.ActiveCfg = Debug|Any CPU
		{AD25C3FE-56AC-4E37-933A-4D23BB888BDA}.Debug|x64.Build.0 = Debug|Any CPU
		{AD25C3FE-56AC-4E37-933A-4D23BB888BDA}.Debug|x86.ActiveCfg = Debug|Any CPU
		{AD25C3FE-56AC-4E37-933A-4D23BB888BDA}.Debug|x86.Build.0 = Debug|Any CPU
		{AD25C3FE-56AC-4E37-933A-4D23BB888BDA}.Release|Any CPU.ActiveCfg = Release|Any CPU
		{AD25C3FE-56AC-4E37-933A-4D23BB888BDA}.Release|Any CPU.Build.0 = Release|Any CPU
		{AD25C3FE-56AC-4E37-933A-4D23BB888BDA}.Release|x64.ActiveCfg = Release|Any CPU
		{AD25C3FE-56AC-4E37-933A-4D23BB888BDA}.Release|x64.Build.0 = Release|Any CPU
		{AD25C3FE-56AC-4E37-933A-4D23BB888BDA}.Release|x86.ActiveCfg = Release|Any CPU
		{AD25C3FE-56AC-4E37-933A-4D23BB888BDA}.Release|x86.Build.0 = Release|Any CPU
		{CE56CC36-91F9-43BB-91AD-6FDE7BD736EE}.Debug|Any CPU.ActiveCfg = Debug|Any CPU
		{CE56CC36-91F9-43BB-91AD-6FDE7BD736EE}.Debug|Any CPU.Build.0 = Debug|Any CPU
		{CE56CC36-91F9-43BB-91AD-6FDE7BD736EE}.Debug|x64.ActiveCfg = Debug|Any CPU
		{CE56CC36-91F9-43BB-91AD-6FDE7BD736EE}.Debug|x64.Build.0 = Debug|Any CPU
		{CE56CC36-91F9-43BB-91AD-6FDE7BD736EE}.Debug|x86.ActiveCfg = Debug|Any CPU
		{CE56CC36-91F9-43BB-91AD-6FDE7BD736EE}.Debug|x86.Build.0 = Debug|Any CPU
		{CE56CC36-91F9-43BB-91AD-6FDE7BD736EE}.Release|Any CPU.ActiveCfg = Release|Any CPU
		{CE56CC36-91F9-43BB-91AD-6FDE7BD736EE}.Release|Any CPU.Build.0 = Release|Any CPU
		{CE56CC36-91F9-43BB-91AD-6FDE7BD736EE}.Release|x64.ActiveCfg = Release|Any CPU
		{CE56CC36-91F9-43BB-91AD-6FDE7BD736EE}.Release|x64.Build.0 = Release|Any CPU
		{CE56CC36-91F9-43BB-91AD-6FDE7BD736EE}.Release|x86.ActiveCfg = Release|Any CPU
		{CE56CC36-91F9-43BB-91AD-6FDE7BD736EE}.Release|x86.Build.0 = Release|Any CPU
		{B157652C-2A12-4A06-9743-BFDE5F72A4BD}.Debug|Any CPU.ActiveCfg = Debug|Any CPU
		{B157652C-2A12-4A06-9743-BFDE5F72A4BD}.Debug|Any CPU.Build.0 = Debug|Any CPU
		{B157652C-2A12-4A06-9743-BFDE5F72A4BD}.Debug|x64.ActiveCfg = Debug|Any CPU
		{B157652C-2A12-4A06-9743-BFDE5F72A4BD}.Debug|x64.Build.0 = Debug|Any CPU
		{B157652C-2A12-4A06-9743-BFDE5F72A4BD}.Debug|x86.ActiveCfg = Debug|Any CPU
		{B157652C-2A12-4A06-9743-BFDE5F72A4BD}.Debug|x86.Build.0 = Debug|Any CPU
		{B157652C-2A12-4A06-9743-BFDE5F72A4BD}.Release|Any CPU.ActiveCfg = Release|Any CPU
		{B157652C-2A12-4A06-9743-BFDE5F72A4BD}.Release|Any CPU.Build.0 = Release|Any CPU
		{B157652C-2A12-4A06-9743-BFDE5F72A4BD}.Release|x64.ActiveCfg = Release|Any CPU
		{B157652C-2A12-4A06-9743-BFDE5F72A4BD}.Release|x64.Build.0 = Release|Any CPU
		{B157652C-2A12-4A06-9743-BFDE5F72A4BD}.Release|x86.ActiveCfg = Release|Any CPU
		{B157652C-2A12-4A06-9743-BFDE5F72A4BD}.Release|x86.Build.0 = Release|Any CPU
		{C872CB31-2A94-4E0C-89B5-68D18628B423}.Debug|Any CPU.ActiveCfg = Debug|Any CPU
		{C872CB31-2A94-4E0C-89B5-68D18628B423}.Debug|Any CPU.Build.0 = Debug|Any CPU
		{C872CB31-2A94-4E0C-89B5-68D18628B423}.Debug|x64.ActiveCfg = Debug|Any CPU
		{C872CB31-2A94-4E0C-89B5-68D18628B423}.Debug|x64.Build.0 = Debug|Any CPU
		{C872CB31-2A94-4E0C-89B5-68D18628B423}.Debug|x86.ActiveCfg = Debug|Any CPU
		{C872CB31-2A94-4E0C-89B5-68D18628B423}.Debug|x86.Build.0 = Debug|Any CPU
		{C872CB31-2A94-4E0C-89B5-68D18628B423}.Release|Any CPU.ActiveCfg = Release|Any CPU
		{C872CB31-2A94-4E0C-89B5-68D18628B423}.Release|Any CPU.Build.0 = Release|Any CPU
		{C872CB31-2A94-4E0C-89B5-68D18628B423}.Release|x64.ActiveCfg = Release|Any CPU
		{C872CB31-2A94-4E0C-89B5-68D18628B423}.Release|x64.Build.0 = Release|Any CPU
		{C872CB31-2A94-4E0C-89B5-68D18628B423}.Release|x86.ActiveCfg = Release|Any CPU
		{C872CB31-2A94-4E0C-89B5-68D18628B423}.Release|x86.Build.0 = Release|Any CPU
		{89C580C3-3560-4DDA-BEA6-C0B5773CA596}.Debug|Any CPU.ActiveCfg = Debug|Any CPU
		{89C580C3-3560-4DDA-BEA6-C0B5773CA596}.Debug|Any CPU.Build.0 = Debug|Any CPU
		{89C580C3-3560-4DDA-BEA6-C0B5773CA596}.Debug|x64.ActiveCfg = Debug|Any CPU
		{89C580C3-3560-4DDA-BEA6-C0B5773CA596}.Debug|x64.Build.0 = Debug|Any CPU
		{89C580C3-3560-4DDA-BEA6-C0B5773CA596}.Debug|x86.ActiveCfg = Debug|Any CPU
		{89C580C3-3560-4DDA-BEA6-C0B5773CA596}.Debug|x86.Build.0 = Debug|Any CPU
		{89C580C3-3560-4DDA-BEA6-C0B5773CA596}.Release|Any CPU.ActiveCfg = Release|Any CPU
		{89C580C3-3560-4DDA-BEA6-C0B5773CA596}.Release|Any CPU.Build.0 = Release|Any CPU
		{89C580C3-3560-4DDA-BEA6-C0B5773CA596}.Release|x64.ActiveCfg = Release|Any CPU
		{89C580C3-3560-4DDA-BEA6-C0B5773CA596}.Release|x64.Build.0 = Release|Any CPU
		{89C580C3-3560-4DDA-BEA6-C0B5773CA596}.Release|x86.ActiveCfg = Release|Any CPU
		{89C580C3-3560-4DDA-BEA6-C0B5773CA596}.Release|x86.Build.0 = Release|Any CPU
		{71D38039-E5B1-4EC4-A3D4-4F31EF17CB17}.Debug|Any CPU.ActiveCfg = Debug|Any CPU
		{71D38039-E5B1-4EC4-A3D4-4F31EF17CB17}.Debug|Any CPU.Build.0 = Debug|Any CPU
		{71D38039-E5B1-4EC4-A3D4-4F31EF17CB17}.Debug|x64.ActiveCfg = Debug|Any CPU
		{71D38039-E5B1-4EC4-A3D4-4F31EF17CB17}.Debug|x64.Build.0 = Debug|Any CPU
		{71D38039-E5B1-4EC4-A3D4-4F31EF17CB17}.Debug|x86.ActiveCfg = Debug|Any CPU
		{71D38039-E5B1-4EC4-A3D4-4F31EF17CB17}.Debug|x86.Build.0 = Debug|Any CPU
		{71D38039-E5B1-4EC4-A3D4-4F31EF17CB17}.Release|Any CPU.ActiveCfg = Release|Any CPU
		{71D38039-E5B1-4EC4-A3D4-4F31EF17CB17}.Release|Any CPU.Build.0 = Release|Any CPU
		{71D38039-E5B1-4EC4-A3D4-4F31EF17CB17}.Release|x64.ActiveCfg = Release|Any CPU
		{71D38039-E5B1-4EC4-A3D4-4F31EF17CB17}.Release|x64.Build.0 = Release|Any CPU
		{71D38039-E5B1-4EC4-A3D4-4F31EF17CB17}.Release|x86.ActiveCfg = Release|Any CPU
		{71D38039-E5B1-4EC4-A3D4-4F31EF17CB17}.Release|x86.Build.0 = Release|Any CPU
	EndGlobalSection
	GlobalSection(SolutionProperties) = preSolution
		HideSolutionNode = FALSE
	EndGlobalSection
	GlobalSection(NestedProjects) = preSolution
		{5E7EC0AF-E837-5B7A-FB41-A4DCCA877D1F} = {827E0CD3-B72D-47B6-A68D-7590B98EB39B}
		{17E8A70B-5CF0-2F4A-14D7-817EC548CE90} = {5E7EC0AF-E837-5B7A-FB41-A4DCCA877D1F}
		{D06A8347-BA52-4CB5-9040-1813B45AE17A} = {17E8A70B-5CF0-2F4A-14D7-817EC548CE90}
		{073DC6EC-5705-0982-B341-CC7985056E7A} = {0AB3BF05-4346-4AA6-1389-037BE0695223}
		{F63133B8-0516-4CCB-94B2-56BF31BB3170} = {073DC6EC-5705-0982-B341-CC7985056E7A}
		{1B6F1142-A8DF-74E8-74B6-91AC1D1A934F} = {0AB3BF05-4346-4AA6-1389-037BE0695223}
		{08C55635-8206-4DC2-B377-A3EE5B39CEBE} = {1B6F1142-A8DF-74E8-74B6-91AC1D1A934F}
		{C4E08A2D-7E2B-4EE1-8AAE-5F9E8F0F2D63} = {0AB3BF05-4346-4AA6-1389-037BE0695223}
		{50C0B65E-5734-6D84-4B56-C247D2A1D164} = {827E0CD3-B72D-47B6-A68D-7590B98EB39B}
		{0C7ED4D4-5567-4BF3-8CE8-37B64B5F184C} = {50C0B65E-5734-6D84-4B56-C247D2A1D164}
		{21F5AF26-A862-4F3D-8AE4-4666790BF314} = {0AB3BF05-4346-4AA6-1389-037BE0695223}
		{54F0E2D7-3242-42CD-BDD7-62ADD134D5CA} = {0AB3BF05-4346-4AA6-1389-037BE0695223}
		{839A2638-235D-4F17-87B2-F282EAE76008} = {0AB3BF05-4346-4AA6-1389-037BE0695223}
		{E65CF95A-A3A4-4891-8905-7F9E682483B7} = {0AB3BF05-4346-4AA6-1389-037BE0695223}
		{B9FD3BCB-93BC-4038-8CE3-91E22001F40B} = {0AB3BF05-4346-4AA6-1389-037BE0695223}
		{C872CB31-2A94-4E0C-89B5-68D18628B423} = {0AB3BF05-4346-4AA6-1389-037BE0695223}
		{89C580C3-3560-4DDA-BEA6-C0B5773CA596} = {EC0A891F-845C-4D35-9E1B-448E7135CFB6}
		{71D38039-E5B1-4EC4-A3D4-4F31EF17CB17} = {0AB3BF05-4346-4AA6-1389-037BE0695223}
	EndGlobalSection
EndGlobal
